// !$*UTF8*$!
{
	archiveVersion = 1;
	classes = {
	};
	objectVersion = 46;
	objects = {

/* Begin PBXBuildFile section */
		660314481AA3038600C0F763 /* MyPostNoLenders.m in Sources */ = {isa = PBXBuildFile; fileRef = 660314471AA3038600C0F763 /* MyPostNoLenders.m */; };
		661DB0931A9D32AD00400B86 /* MyPosts.m in Sources */ = {isa = PBXBuildFile; fileRef = 661DB0921A9D32AD00400B86 /* MyPosts.m */; };
		661FA3FB1A9B10E900D79003 /* RespondToPost.m in Sources */ = {isa = PBXBuildFile; fileRef = 661FA3FA1A9B10E900D79003 /* RespondToPost.m */; };
		66232E7F1AF99DFE001532BD /* UserSearchResult.m in Sources */ = {isa = PBXBuildFile; fileRef = 66232E7E1AF99DFE001532BD /* UserSearchResult.m */; };
		66232E821AF9A03F001532BD /* UserSearchResultObject.m in Sources */ = {isa = PBXBuildFile; fileRef = 66232E811AF9A03F001532BD /* UserSearchResultObject.m */; };
		6624FD2D1AE07BDF004EA647 /* noteIcon.png in Resources */ = {isa = PBXBuildFile; fileRef = 6624FD2C1AE07BDE004EA647 /* noteIcon.png */; };
		6624FD2F1AE07C67004EA647 /* 1429244562_699044-icon-55-document-text-128.png in Resources */ = {isa = PBXBuildFile; fileRef = 6624FD2E1AE07C67004EA647 /* 1429244562_699044-icon-55-document-text-128.png */; };
		6624FD331AE081A7004EA647 /* clockIcon.png in Resources */ = {isa = PBXBuildFile; fileRef = 6624FD321AE081A7004EA647 /* clockIcon.png */; };
		664131DF1AF1AB1C006A02CD /* x.png in Resources */ = {isa = PBXBuildFile; fileRef = 664131DE1AF1AB1C006A02CD /* x.png */; };
		664131E11AF1B440006A02CD /* note.png in Resources */ = {isa = PBXBuildFile; fileRef = 664131E01AF1B440006A02CD /* note.png */; };
		664CAE771A88B0E600E3E929 /* PostObject.m in Sources */ = {isa = PBXBuildFile; fileRef = 664CAE761A88B0E600E3E929 /* PostObject.m */; };
		6662DEA51AE31F4500917B65 /* cancelIcon.png in Resources */ = {isa = PBXBuildFile; fileRef = 6662DEA41AE31F4500917B65 /* cancelIcon.png */; };
		6662DEA71AE4648F00917B65 /* cameraIcon.png in Resources */ = {isa = PBXBuildFile; fileRef = 6662DEA61AE4648E00917B65 /* cameraIcon.png */; };
		6662DEA91AE469A200917B65 /* cameraIcon2.png in Resources */ = {isa = PBXBuildFile; fileRef = 6662DEA81AE469A200917B65 /* cameraIcon2.png */; };
		6662DEAB1AE4744000917B65 /* xButtonIcon.png in Resources */ = {isa = PBXBuildFile; fileRef = 6662DEAA1AE4743F00917B65 /* xButtonIcon.png */; };
		6662DEAD1AE4880D00917B65 /* heartIcon.png in Resources */ = {isa = PBXBuildFile; fileRef = 6662DEAC1AE4880D00917B65 /* heartIcon.png */; };
		6662DEAF1AE4CF9E00917B65 /* menuIcon.png in Resources */ = {isa = PBXBuildFile; fileRef = 6662DEAE1AE4CF9D00917B65 /* menuIcon.png */; };
		6662DEB11AE4D00400917B65 /* menuIcon2.png in Resources */ = {isa = PBXBuildFile; fileRef = 6662DEB01AE4D00400917B65 /* menuIcon2.png */; };
		6662DEB31AE4D0C800917B65 /* menuIcon3.png in Resources */ = {isa = PBXBuildFile; fileRef = 6662DEB21AE4D0C800917B65 /* menuIcon3.png */; };
		6662DEB51AE4E7C800917B65 /* messageIcon.png in Resources */ = {isa = PBXBuildFile; fileRef = 6662DEB41AE4E7C800917B65 /* messageIcon.png */; };
		6662DEB71AE4E8E700917B65 /* xIxon.svg in Resources */ = {isa = PBXBuildFile; fileRef = 6662DEB61AE4E8E600917B65 /* xIxon.svg */; };
		6662DEB91AE4EABA00917B65 /* messageIconNew.png in Resources */ = {isa = PBXBuildFile; fileRef = 6662DEB81AE4EABA00917B65 /* messageIconNew.png */; };
		6662DEBB1AE4EBF800917B65 /* xButtonIconNew.png in Resources */ = {isa = PBXBuildFile; fileRef = 6662DEBA1AE4EBF800917B65 /* xButtonIconNew.png */; };
		6663A8351AC4C90A002C5EE2 /* UserProfile.m in Sources */ = {isa = PBXBuildFile; fileRef = 6663A8341AC4C90A002C5EE2 /* UserProfile.m */; };
		666720271ADDD316004D59A6 /* backbutton.png in Resources */ = {isa = PBXBuildFile; fileRef = 666720261ADDD316004D59A6 /* backbutton.png */; };
		6667C6DE1AC7BAF5000467AC /* camera icon2.png in Resources */ = {isa = PBXBuildFile; fileRef = 6667C6DD1AC7BAF5000467AC /* camera icon2.png */; };
		6667C6E41AC92A32000467AC /* ReviewObject.m in Sources */ = {isa = PBXBuildFile; fileRef = 6667C6E31AC92A32000467AC /* ReviewObject.m */; };
		6667C6E71AC92A5B000467AC /* ReviewCell.m in Sources */ = {isa = PBXBuildFile; fileRef = 6667C6E61AC92A5B000467AC /* ReviewCell.m */; };
		6667C6EA1AC92A6C000467AC /* UserCell.m in Sources */ = {isa = PBXBuildFile; fileRef = 6667C6E91AC92A6C000467AC /* UserCell.m */; };
		6667C6ED1AC92F34000467AC /* UserObject.m in Sources */ = {isa = PBXBuildFile; fileRef = 6667C6EC1AC92F34000467AC /* UserObject.m */; };
		66695A1F1AF459620081AA1C /* clock2.png in Resources */ = {isa = PBXBuildFile; fileRef = 66695A1E1AF459620081AA1C /* clock2.png */; };
		667601521AEB2DEE00963621 /* hourglassIcon.png in Resources */ = {isa = PBXBuildFile; fileRef = 667601511AEB2DED00963621 /* hourglassIcon.png */; };
		667601541AEB6CEB00963621 /* heartIconPurple.png in Resources */ = {isa = PBXBuildFile; fileRef = 667601531AEB6CEB00963621 /* heartIconPurple.png */; };
		6678BF411A7DB7720060B73A /* LoginAndSignUp.m in Sources */ = {isa = PBXBuildFile; fileRef = 6678BF401A7DB7720060B73A /* LoginAndSignUp.m */; };
		6678F2861B129F5D0080F8D5 /* logoutIcon.png in Resources */ = {isa = PBXBuildFile; fileRef = 6678F2851B129F5D0080F8D5 /* logoutIcon.png */; };
		6678F2881B12A0850080F8D5 /* settingsIcon.png in Resources */ = {isa = PBXBuildFile; fileRef = 6678F2871B12A0850080F8D5 /* settingsIcon.png */; };
		6680E0871ACA811F0067257E /* PostReview.m in Sources */ = {isa = PBXBuildFile; fileRef = 6680E0861ACA811E0067257E /* PostReview.m */; };
		668AD9DA1AA0597600627437 /* MyPost.m in Sources */ = {isa = PBXBuildFile; fileRef = 668AD9D91AA0597600627437 /* MyPost.m */; };
		668FC80E1AB110C300AB2BAD /* Response.m in Sources */ = {isa = PBXBuildFile; fileRef = 668FC80D1AB110C300AB2BAD /* Response.m */; };
		6692704C1ADE21E700C39F27 /* gear.gif in Resources */ = {isa = PBXBuildFile; fileRef = 6692704B1ADE21E700C39F27 /* gear.gif */; };
		66953AE51A79BCE200AEB78C /* main.m in Sources */ = {isa = PBXBuildFile; fileRef = 66953AE41A79BCE200AEB78C /* main.m */; };
		66953AE81A79BCE200AEB78C /* AppDelegate.m in Sources */ = {isa = PBXBuildFile; fileRef = 66953AE71A79BCE200AEB78C /* AppDelegate.m */; };
		66953AEB1A79BCE200AEB78C /* BorrowMe.xcdatamodeld in Sources */ = {isa = PBXBuildFile; fileRef = 66953AE91A79BCE200AEB78C /* BorrowMe.xcdatamodeld */; };
		66953AF31A79BCE200AEB78C /* Images.xcassets in Resources */ = {isa = PBXBuildFile; fileRef = 66953AF21A79BCE200AEB78C /* Images.xcassets */; };
		66953AF61A79BCE200AEB78C /* LaunchScreen.xib in Resources */ = {isa = PBXBuildFile; fileRef = 66953AF41A79BCE200AEB78C /* LaunchScreen.xib */; };
		66953B021A79BCE200AEB78C /* BorrowMeTests.m in Sources */ = {isa = PBXBuildFile; fileRef = 66953B011A79BCE200AEB78C /* BorrowMeTests.m */; };
		66953B111A79BD6F00AEB78C /* Bolts.framework in Frameworks */ = {isa = PBXBuildFile; fileRef = 66953B0C1A79BD6F00AEB78C /* Bolts.framework */; };
		66953B121A79BD6F00AEB78C /* Parse.framework in Frameworks */ = {isa = PBXBuildFile; fileRef = 66953B0D1A79BD6F00AEB78C /* Parse.framework */; };
		66953B131A79BD6F00AEB78C /* ParseCrashReporting.framework in Frameworks */ = {isa = PBXBuildFile; fileRef = 66953B0E1A79BD6F00AEB78C /* ParseCrashReporting.framework */; };
		66953B141A79BD6F00AEB78C /* ParseFacebookUtils.framework in Frameworks */ = {isa = PBXBuildFile; fileRef = 66953B0F1A79BD6F00AEB78C /* ParseFacebookUtils.framework */; };
		66953B151A79BD6F00AEB78C /* ParseUI.framework in Frameworks */ = {isa = PBXBuildFile; fileRef = 66953B101A79BD6F00AEB78C /* ParseUI.framework */; };
		66953B171A79BD9700AEB78C /* Accounts.framework in Frameworks */ = {isa = PBXBuildFile; fileRef = 66953B161A79BD9700AEB78C /* Accounts.framework */; };
		66953B191A79BDA100AEB78C /* AudioToolbox.framework in Frameworks */ = {isa = PBXBuildFile; fileRef = 66953B181A79BDA100AEB78C /* AudioToolbox.framework */; };
		66953B1B1A79BDCC00AEB78C /* CFNetwork.framework in Frameworks */ = {isa = PBXBuildFile; fileRef = 66953B1A1A79BDCC00AEB78C /* CFNetwork.framework */; };
		66953B1D1A79BDDB00AEB78C /* CoreGraphics.framework in Frameworks */ = {isa = PBXBuildFile; fileRef = 66953B1C1A79BDDB00AEB78C /* CoreGraphics.framework */; };
		66953B1F1A79BDEA00AEB78C /* CoreLocation.framework in Frameworks */ = {isa = PBXBuildFile; fileRef = 66953B1E1A79BDEA00AEB78C /* CoreLocation.framework */; };
		66953B211A79BDF900AEB78C /* MobileCoreServices.framework in Frameworks */ = {isa = PBXBuildFile; fileRef = 66953B201A79BDF900AEB78C /* MobileCoreServices.framework */; };
		66953B231A79BE0A00AEB78C /* QuartzCore.framework in Frameworks */ = {isa = PBXBuildFile; fileRef = 66953B221A79BE0A00AEB78C /* QuartzCore.framework */; };
		66953B251A79BE1500AEB78C /* Security.framework in Frameworks */ = {isa = PBXBuildFile; fileRef = 66953B241A79BE1500AEB78C /* Security.framework */; };
		66953B271A79BE1E00AEB78C /* Social.framework in Frameworks */ = {isa = PBXBuildFile; fileRef = 66953B261A79BE1E00AEB78C /* Social.framework */; };
		66953B291A79BE2B00AEB78C /* StoreKit.framework in Frameworks */ = {isa = PBXBuildFile; fileRef = 66953B281A79BE2B00AEB78C /* StoreKit.framework */; };
		66953B2B1A79BE3500AEB78C /* SystemConfiguration.framework in Frameworks */ = {isa = PBXBuildFile; fileRef = 66953B2A1A79BE3500AEB78C /* SystemConfiguration.framework */; };
		66953B2D1A79BE4700AEB78C /* libz.dylib in Frameworks */ = {isa = PBXBuildFile; fileRef = 66953B2C1A79BE4700AEB78C /* libz.dylib */; };
		66953B2F1A79BE7400AEB78C /* libsqlite3.dylib in Frameworks */ = {isa = PBXBuildFile; fileRef = 66953B2E1A79BE7400AEB78C /* libsqlite3.dylib */; };
		669BFE451AF1D1EA00967CD8 /* compass.png in Resources */ = {isa = PBXBuildFile; fileRef = 669BFE441AF1D1EA00967CD8 /* compass.png */; };
		669BFE471AF1D1F500967CD8 /* file-text.png in Resources */ = {isa = PBXBuildFile; fileRef = 669BFE461AF1D1F500967CD8 /* file-text.png */; };
		669BFE4B1AF1D20800967CD8 /* search.png in Resources */ = {isa = PBXBuildFile; fileRef = 669BFE481AF1D20800967CD8 /* search.png */; };
		669BFE4C1AF1D20800967CD8 /* stack.png in Resources */ = {isa = PBXBuildFile; fileRef = 669BFE491AF1D20800967CD8 /* stack.png */; };
		669BFE4D1AF1D20800967CD8 /* user.png in Resources */ = {isa = PBXBuildFile; fileRef = 669BFE4A1AF1D20800967CD8 /* user.png */; };
		66A9AEE91ADF395800785DEE /* newsfeedIcon.png in Resources */ = {isa = PBXBuildFile; fileRef = 66A9AEE81ADF395800785DEE /* newsfeedIcon.png */; };
		66AC793F1A9EA91300DDF2AE /* MyPostObject.m in Sources */ = {isa = PBXBuildFile; fileRef = 66AC793E1A9EA91300DDF2AE /* MyPostObject.m */; };
		66AE44431AF768A000B3A9FC /* paperPlaneIcon.png in Resources */ = {isa = PBXBuildFile; fileRef = 66AE44421AF768A000B3A9FC /* paperPlaneIcon.png */; };
		66AE44451AF7694800B3A9FC /* feedIcon.png in Resources */ = {isa = PBXBuildFile; fileRef = 66AE44441AF7694800B3A9FC /* feedIcon.png */; };
		66AE44471AF769E500B3A9FC /* feedIcon@2x.png in Resources */ = {isa = PBXBuildFile; fileRef = 66AE44461AF769E500B3A9FC /* feedIcon@2x.png */; };
		66AE44491AF76C2300B3A9FC /* stackIcon.png in Resources */ = {isa = PBXBuildFile; fileRef = 66AE44481AF76C2300B3A9FC /* stackIcon.png */; };
		66AE444B1AF76C3A00B3A9FC /* userProfileIcon.png in Resources */ = {isa = PBXBuildFile; fileRef = 66AE444A1AF76C3A00B3A9FC /* userProfileIcon.png */; };
		66AE444D1AF824ED00B3A9FC /* compassIconNew.png in Resources */ = {isa = PBXBuildFile; fileRef = 66AE444C1AF824ED00B3A9FC /* compassIconNew.png */; };
		66AE444F1AF824FA00B3A9FC /* compassIconNew@2x.png in Resources */ = {isa = PBXBuildFile; fileRef = 66AE444E1AF824FA00B3A9FC /* compassIconNew@2x.png */; };
		66AE44511AF827F400B3A9FC /* searchIconNew.png in Resources */ = {isa = PBXBuildFile; fileRef = 66AE44501AF827F400B3A9FC /* searchIconNew.png */; };
		66AE44531AF828E300B3A9FC /* newsFeedIconNew.png in Resources */ = {isa = PBXBuildFile; fileRef = 66AE44521AF828E300B3A9FC /* newsFeedIconNew.png */; };
		66AE44551AF8294200B3A9FC /* newsFeedIconNew@2x.png in Resources */ = {isa = PBXBuildFile; fileRef = 66AE44541AF8294200B3A9FC /* newsFeedIconNew@2x.png */; };
		66AE44571AF82B2400B3A9FC /* myPostsIconNew.png in Resources */ = {isa = PBXBuildFile; fileRef = 66AE44561AF82B2400B3A9FC /* myPostsIconNew.png */; };
		66AE44591AF82B4C00B3A9FC /* myPostsIconNew@2x.png in Resources */ = {isa = PBXBuildFile; fileRef = 66AE44581AF82B4C00B3A9FC /* myPostsIconNew@2x.png */; };
		66AE445B1AF82B7F00B3A9FC /* userProfileIconNew.png in Resources */ = {isa = PBXBuildFile; fileRef = 66AE445A1AF82B7F00B3A9FC /* userProfileIconNew.png */; };
		66AE445D1AF82BE300B3A9FC /* userProfileIconNew@2x.png in Resources */ = {isa = PBXBuildFile; fileRef = 66AE445C1AF82BE300B3A9FC /* userProfileIconNew@2x.png */; };
		66AE445F1AF8328B00B3A9FC /* navBarMenuIconNew.png in Resources */ = {isa = PBXBuildFile; fileRef = 66AE445E1AF8328B00B3A9FC /* navBarMenuIconNew.png */; };
		66AE44611AF832AC00B3A9FC /* navBarMenuIconNew@2x.png in Resources */ = {isa = PBXBuildFile; fileRef = 66AE44601AF832AC00B3A9FC /* navBarMenuIconNew@2x.png */; };
		66AE44631AF83B5300B3A9FC /* searchPeopleIconNew.png in Resources */ = {isa = PBXBuildFile; fileRef = 66AE44621AF83B5300B3A9FC /* searchPeopleIconNew.png */; };
		66AE44651AF83B6A00B3A9FC /* searchPeopleIconNew@2x.png in Resources */ = {isa = PBXBuildFile; fileRef = 66AE44641AF83B6A00B3A9FC /* searchPeopleIconNew@2x.png */; };
		66AE44671AF844E300B3A9FC /* navBarMenuIcon.png in Resources */ = {isa = PBXBuildFile; fileRef = 66AE44661AF844E300B3A9FC /* navBarMenuIcon.png */; };
		66AE44691AF844EC00B3A9FC /* navBarMenuIcon@2x.png in Resources */ = {isa = PBXBuildFile; fileRef = 66AE44681AF844EC00B3A9FC /* navBarMenuIcon@2x.png */; };
		66AE446B1AF853CB00B3A9FC /* envelopIcon.png in Resources */ = {isa = PBXBuildFile; fileRef = 66AE446A1AF853CB00B3A9FC /* envelopIcon.png */; };
		66AE446D1AF853D200B3A9FC /* envelopIcon@2x.png in Resources */ = {isa = PBXBuildFile; fileRef = 66AE446C1AF853D200B3A9FC /* envelopIcon@2x.png */; };
		66AE44711AF8AF2500B3A9FC /* Search.m in Sources */ = {isa = PBXBuildFile; fileRef = 66AE44701AF8AF2500B3A9FC /* Search.m */; };
		66B07F751AAE8E86000F4B21 /* MyPostLenders.m in Sources */ = {isa = PBXBuildFile; fileRef = 66B07F741AAE8E86000F4B21 /* MyPostLenders.m */; };
		66B07F781AAE94F0000F4B21 /* MyPostItem.m in Sources */ = {isa = PBXBuildFile; fileRef = 66B07F771AAE94F0000F4B21 /* MyPostItem.m */; };
		66B07F7B1AAE96D3000F4B21 /* MyPostLender.m in Sources */ = {isa = PBXBuildFile; fileRef = 66B07F7A1AAE96D3000F4B21 /* MyPostLender.m */; };
		66B3D7741B1193EC00C3881D /* SWRevealViewController.m in Sources */ = {isa = PBXBuildFile; fileRef = 66B3D7731B1193EC00C3881D /* SWRevealViewController.m */; };
		66B3D7781B12876500C3881D /* SlideMenu.m in Sources */ = {isa = PBXBuildFile; fileRef = 66B3D7771B12876500C3881D /* SlideMenu.m */; };
		66B3D77B1B12884D00C3881D /* MenuItemObject.m in Sources */ = {isa = PBXBuildFile; fileRef = 66B3D77A1B12884D00C3881D /* MenuItemObject.m */; };
		66B3D77E1B12892D00C3881D /* MenuItemCell.m in Sources */ = {isa = PBXBuildFile; fileRef = 66B3D77D1B12892D00C3881D /* MenuItemCell.m */; };
		66B3D7811B1289F100C3881D /* MenuItemUserProfileCell.m in Sources */ = {isa = PBXBuildFile; fileRef = 66B3D7801B1289F100C3881D /* MenuItemUserProfileCell.m */; };
		66C29EFF1AE3199D008FEFFF /* grayCameraIcon.png in Resources */ = {isa = PBXBuildFile; fileRef = 66C29EFE1AE3199D008FEFFF /* grayCameraIcon.png */; };
		66C9EC0C1AF9457E00547C2F /* myPostsFilesIcon.png in Resources */ = {isa = PBXBuildFile; fileRef = 66C9EC0B1AF9457E00547C2F /* myPostsFilesIcon.png */; };
		66C9EC0E1AF9459000547C2F /* myPostsFilesIcon@2x.png in Resources */ = {isa = PBXBuildFile; fileRef = 66C9EC0D1AF9459000547C2F /* myPostsFilesIcon@2x.png */; };
		66DBB8C11ADCC8D0005919FF /* 495.GIF in Resources */ = {isa = PBXBuildFile; fileRef = 66DBB8C01ADCC8D0005919FF /* 495.GIF */; };
		66EB230F1ADB40C5004CDE69 /* 24.gif in Resources */ = {isa = PBXBuildFile; fileRef = 66EB230E1ADB40C5004CDE69 /* 24.gif */; };
		66EB23121ADB42EF004CDE69 /* LoadingCell.m in Sources */ = {isa = PBXBuildFile; fileRef = 66EB23111ADB42EF004CDE69 /* LoadingCell.m */; };
		66F24A991AE2173A00DEC153 /* PostDetail.m in Sources */ = {isa = PBXBuildFile; fileRef = 66F24A981AE2173A00DEC153 /* PostDetail.m */; };
		66F24A9C1AE22C9100DEC153 /* Main.storyboard in Resources */ = {isa = PBXBuildFile; fileRef = 66F24A9A1AE22C9100DEC153 /* Main.storyboard */; };
		66F24A9F1AE22F5E00DEC153 /* AboutPost.m in Sources */ = {isa = PBXBuildFile; fileRef = 66F24A9E1AE22F5E00DEC153 /* AboutPost.m */; };
		66F24AA11AE2F4CF00DEC153 /* MapKit.framework in Frameworks */ = {isa = PBXBuildFile; fileRef = 66F24AA01AE2F4CF00DEC153 /* MapKit.framework */; };
		66F24AA31AE2FB8D00DEC153 /* distanceIcon.png in Resources */ = {isa = PBXBuildFile; fileRef = 66F24AA21AE2FB8D00DEC153 /* distanceIcon.png */; };
		66F42B5E1A96D08E00F99A31 /* hourglass.png in Resources */ = {isa = PBXBuildFile; fileRef = 66F42B5D1A96D08E00F99A31 /* hourglass.png */; };
		66F42B601A96D21D00F99A31 /* hourglass2.png in Resources */ = {isa = PBXBuildFile; fileRef = 66F42B5F1A96D21D00F99A31 /* hourglass2.png */; };
		66F4C3361A7F1866001B97AA /* MainFeed.m in Sources */ = {isa = PBXBuildFile; fileRef = 66F4C3351A7F1866001B97AA /* MainFeed.m */; };
		66F4C3391A7F3389001B97AA /* Post.m in Sources */ = {isa = PBXBuildFile; fileRef = 66F4C3381A7F3389001B97AA /* Post.m */; };
		66F4C33D1A7F4749001B97AA /* NewPost.m in Sources */ = {isa = PBXBuildFile; fileRef = 66F4C33C1A7F4749001B97AA /* NewPost.m */; };
		66F711701ACE7DEA0006C389 /* love-icon.png in Resources */ = {isa = PBXBuildFile; fileRef = 66F7116F1ACE7DE90006C389 /* love-icon.png */; };
		66FBE1341AC1310100F2A3E8 /* camera-icon.png in Resources */ = {isa = PBXBuildFile; fileRef = 66FBE1331AC1310100F2A3E8 /* camera-icon.png */; };
		66FF3A8B1AF0AF7B00EB51E7 /* menuIcon4.png in Resources */ = {isa = PBXBuildFile; fileRef = 66FF3A8A1AF0AF7B00EB51E7 /* menuIcon4.png */; };
		66FF3A8D1AF0B06400EB51E7 /* xIcon.png in Resources */ = {isa = PBXBuildFile; fileRef = 66FF3A8C1AF0B06400EB51E7 /* xIcon.png */; };
		66FF3A8F1AF0B25400EB51E7 /* menu48.png in Resources */ = {isa = PBXBuildFile; fileRef = 66FF3A8E1AF0B25400EB51E7 /* menu48.png */; };
		66FF3A911AF0B26400EB51E7 /* xIcon2.png in Resources */ = {isa = PBXBuildFile; fileRef = 66FF3A901AF0B26400EB51E7 /* xIcon2.png */; };
		66FF3A931AF0B3DC00EB51E7 /* xIcon3.png in Resources */ = {isa = PBXBuildFile; fileRef = 66FF3A921AF0B3DC00EB51E7 /* xIcon3.png */; };
		66FF3A951AF0B55900EB51E7 /* squares37.png in Resources */ = {isa = PBXBuildFile; fileRef = 66FF3A941AF0B55900EB51E7 /* squares37.png */; };
		66FF3A971AF0B65700EB51E7 /* menu2222.png in Resources */ = {isa = PBXBuildFile; fileRef = 66FF3A961AF0B65700EB51E7 /* menu2222.png */; };
		66FF3A9B1AF0B9D000EB51E7 /* pencilIcon.png in Resources */ = {isa = PBXBuildFile; fileRef = 66FF3A9A1AF0B9D000EB51E7 /* pencilIcon.png */; };
		66FF3A9D1AF0BB8900EB51E7 /* pencilIcon2.png in Resources */ = {isa = PBXBuildFile; fileRef = 66FF3A9C1AF0BB8900EB51E7 /* pencilIcon2.png */; };
		66FF3A9F1AF0BCDB00EB51E7 /* paperplane.png in Resources */ = {isa = PBXBuildFile; fileRef = 66FF3A9E1AF0BCDA00EB51E7 /* paperplane.png */; };
/* End PBXBuildFile section */

/* Begin PBXContainerItemProxy section */
		66953AFC1A79BCE200AEB78C /* PBXContainerItemProxy */ = {
			isa = PBXContainerItemProxy;
			containerPortal = 66953AD71A79BCE200AEB78C /* Project object */;
			proxyType = 1;
			remoteGlobalIDString = 66953ADE1A79BCE200AEB78C;
			remoteInfo = BorrowMe;
		};
/* End PBXContainerItemProxy section */

/* Begin PBXFileReference section */
		660314461AA3038600C0F763 /* MyPostNoLenders.h */ = {isa = PBXFileReference; fileEncoding = 4; lastKnownFileType = sourcecode.c.h; path = MyPostNoLenders.h; sourceTree = "<group>"; };
		660314471AA3038600C0F763 /* MyPostNoLenders.m */ = {isa = PBXFileReference; fileEncoding = 4; lastKnownFileType = sourcecode.c.objc; path = MyPostNoLenders.m; sourceTree = "<group>"; };
		661DB0911A9D32AD00400B86 /* MyPosts.h */ = {isa = PBXFileReference; fileEncoding = 4; lastKnownFileType = sourcecode.c.h; path = MyPosts.h; sourceTree = "<group>"; };
		661DB0921A9D32AD00400B86 /* MyPosts.m */ = {isa = PBXFileReference; fileEncoding = 4; lastKnownFileType = sourcecode.c.objc; path = MyPosts.m; sourceTree = "<group>"; };
		661FA3F91A9B10E900D79003 /* RespondToPost.h */ = {isa = PBXFileReference; fileEncoding = 4; lastKnownFileType = sourcecode.c.h; path = RespondToPost.h; sourceTree = "<group>"; };
		661FA3FA1A9B10E900D79003 /* RespondToPost.m */ = {isa = PBXFileReference; fileEncoding = 4; lastKnownFileType = sourcecode.c.objc; path = RespondToPost.m; sourceTree = "<group>"; };
		66232E7D1AF99DFE001532BD /* UserSearchResult.h */ = {isa = PBXFileReference; fileEncoding = 4; lastKnownFileType = sourcecode.c.h; path = UserSearchResult.h; sourceTree = "<group>"; };
		66232E7E1AF99DFE001532BD /* UserSearchResult.m */ = {isa = PBXFileReference; fileEncoding = 4; lastKnownFileType = sourcecode.c.objc; path = UserSearchResult.m; sourceTree = "<group>"; };
		66232E801AF9A03F001532BD /* UserSearchResultObject.h */ = {isa = PBXFileReference; fileEncoding = 4; lastKnownFileType = sourcecode.c.h; path = UserSearchResultObject.h; sourceTree = "<group>"; };
		66232E811AF9A03F001532BD /* UserSearchResultObject.m */ = {isa = PBXFileReference; fileEncoding = 4; lastKnownFileType = sourcecode.c.objc; path = UserSearchResultObject.m; sourceTree = "<group>"; };
		6624FD2C1AE07BDE004EA647 /* noteIcon.png */ = {isa = PBXFileReference; lastKnownFileType = image.png; path = noteIcon.png; sourceTree = "<group>"; };
		6624FD2E1AE07C67004EA647 /* 1429244562_699044-icon-55-document-text-128.png */ = {isa = PBXFileReference; lastKnownFileType = image.png; path = "1429244562_699044-icon-55-document-text-128.png"; sourceTree = "<group>"; };
		6624FD321AE081A7004EA647 /* clockIcon.png */ = {isa = PBXFileReference; lastKnownFileType = image.png; path = clockIcon.png; sourceTree = "<group>"; };
		664131DE1AF1AB1C006A02CD /* x.png */ = {isa = PBXFileReference; lastKnownFileType = image.png; path = x.png; sourceTree = "<group>"; };
		664131E01AF1B440006A02CD /* note.png */ = {isa = PBXFileReference; lastKnownFileType = image.png; path = note.png; sourceTree = "<group>"; };
		664CAE751A88B0E600E3E929 /* PostObject.h */ = {isa = PBXFileReference; fileEncoding = 4; lastKnownFileType = sourcecode.c.h; path = PostObject.h; sourceTree = "<group>"; };
		664CAE761A88B0E600E3E929 /* PostObject.m */ = {isa = PBXFileReference; fileEncoding = 4; lastKnownFileType = sourcecode.c.objc; path = PostObject.m; sourceTree = "<group>"; };
		6662DEA41AE31F4500917B65 /* cancelIcon.png */ = {isa = PBXFileReference; lastKnownFileType = image.png; path = cancelIcon.png; sourceTree = "<group>"; };
		6662DEA61AE4648E00917B65 /* cameraIcon.png */ = {isa = PBXFileReference; lastKnownFileType = image.png; path = cameraIcon.png; sourceTree = "<group>"; };
		6662DEA81AE469A200917B65 /* cameraIcon2.png */ = {isa = PBXFileReference; lastKnownFileType = image.png; path = cameraIcon2.png; sourceTree = "<group>"; };
		6662DEAA1AE4743F00917B65 /* xButtonIcon.png */ = {isa = PBXFileReference; lastKnownFileType = image.png; path = xButtonIcon.png; sourceTree = "<group>"; };
		6662DEAC1AE4880D00917B65 /* heartIcon.png */ = {isa = PBXFileReference; lastKnownFileType = image.png; path = heartIcon.png; sourceTree = "<group>"; };
		6662DEAE1AE4CF9D00917B65 /* menuIcon.png */ = {isa = PBXFileReference; lastKnownFileType = image.png; path = menuIcon.png; sourceTree = "<group>"; };
		6662DEB01AE4D00400917B65 /* menuIcon2.png */ = {isa = PBXFileReference; lastKnownFileType = image.png; path = menuIcon2.png; sourceTree = "<group>"; };
		6662DEB21AE4D0C800917B65 /* menuIcon3.png */ = {isa = PBXFileReference; lastKnownFileType = image.png; path = menuIcon3.png; sourceTree = "<group>"; };
		6662DEB41AE4E7C800917B65 /* messageIcon.png */ = {isa = PBXFileReference; lastKnownFileType = image.png; path = messageIcon.png; sourceTree = "<group>"; };
		6662DEB61AE4E8E600917B65 /* xIxon.svg */ = {isa = PBXFileReference; fileEncoding = 4; lastKnownFileType = text.xml; path = xIxon.svg; sourceTree = "<group>"; };
		6662DEB81AE4EABA00917B65 /* messageIconNew.png */ = {isa = PBXFileReference; lastKnownFileType = image.png; path = messageIconNew.png; sourceTree = "<group>"; };
		6662DEBA1AE4EBF800917B65 /* xButtonIconNew.png */ = {isa = PBXFileReference; lastKnownFileType = image.png; path = xButtonIconNew.png; sourceTree = "<group>"; };
		6663A8331AC4C90A002C5EE2 /* UserProfile.h */ = {isa = PBXFileReference; fileEncoding = 4; lastKnownFileType = sourcecode.c.h; path = UserProfile.h; sourceTree = "<group>"; };
		6663A8341AC4C90A002C5EE2 /* UserProfile.m */ = {isa = PBXFileReference; fileEncoding = 4; lastKnownFileType = sourcecode.c.objc; path = UserProfile.m; sourceTree = "<group>"; };
		666720261ADDD316004D59A6 /* backbutton.png */ = {isa = PBXFileReference; lastKnownFileType = image.png; path = backbutton.png; sourceTree = "<group>"; };
		6667C6DD1AC7BAF5000467AC /* camera icon2.png */ = {isa = PBXFileReference; lastKnownFileType = image.png; path = "camera icon2.png"; sourceTree = "<group>"; };
		6667C6E21AC92A32000467AC /* ReviewObject.h */ = {isa = PBXFileReference; fileEncoding = 4; lastKnownFileType = sourcecode.c.h; path = ReviewObject.h; sourceTree = "<group>"; };
		6667C6E31AC92A32000467AC /* ReviewObject.m */ = {isa = PBXFileReference; fileEncoding = 4; lastKnownFileType = sourcecode.c.objc; path = ReviewObject.m; sourceTree = "<group>"; };
		6667C6E51AC92A5B000467AC /* ReviewCell.h */ = {isa = PBXFileReference; fileEncoding = 4; lastKnownFileType = sourcecode.c.h; path = ReviewCell.h; sourceTree = "<group>"; };
		6667C6E61AC92A5B000467AC /* ReviewCell.m */ = {isa = PBXFileReference; fileEncoding = 4; lastKnownFileType = sourcecode.c.objc; path = ReviewCell.m; sourceTree = "<group>"; };
		6667C6E81AC92A6C000467AC /* UserCell.h */ = {isa = PBXFileReference; fileEncoding = 4; lastKnownFileType = sourcecode.c.h; path = UserCell.h; sourceTree = "<group>"; };
		6667C6E91AC92A6C000467AC /* UserCell.m */ = {isa = PBXFileReference; fileEncoding = 4; lastKnownFileType = sourcecode.c.objc; path = UserCell.m; sourceTree = "<group>"; };
		6667C6EB1AC92F34000467AC /* UserObject.h */ = {isa = PBXFileReference; fileEncoding = 4; lastKnownFileType = sourcecode.c.h; path = UserObject.h; sourceTree = "<group>"; };
		6667C6EC1AC92F34000467AC /* UserObject.m */ = {isa = PBXFileReference; fileEncoding = 4; lastKnownFileType = sourcecode.c.objc; path = UserObject.m; sourceTree = "<group>"; };
		66695A1E1AF459620081AA1C /* clock2.png */ = {isa = PBXFileReference; lastKnownFileType = image.png; path = clock2.png; sourceTree = "<group>"; };
		667601511AEB2DED00963621 /* hourglassIcon.png */ = {isa = PBXFileReference; lastKnownFileType = image.png; path = hourglassIcon.png; sourceTree = "<group>"; };
		667601531AEB6CEB00963621 /* heartIconPurple.png */ = {isa = PBXFileReference; lastKnownFileType = image.png; path = heartIconPurple.png; sourceTree = "<group>"; };
		6678BF3F1A7DB7720060B73A /* LoginAndSignUp.h */ = {isa = PBXFileReference; fileEncoding = 4; lastKnownFileType = sourcecode.c.h; path = LoginAndSignUp.h; sourceTree = "<group>"; };
		6678BF401A7DB7720060B73A /* LoginAndSignUp.m */ = {isa = PBXFileReference; fileEncoding = 4; lastKnownFileType = sourcecode.c.objc; path = LoginAndSignUp.m; sourceTree = "<group>"; };
		6678F2851B129F5D0080F8D5 /* logoutIcon.png */ = {isa = PBXFileReference; lastKnownFileType = image.png; path = logoutIcon.png; sourceTree = "<group>"; };
		6678F2871B12A0850080F8D5 /* settingsIcon.png */ = {isa = PBXFileReference; lastKnownFileType = image.png; path = settingsIcon.png; sourceTree = "<group>"; };
		6680E0851ACA811E0067257E /* PostReview.h */ = {isa = PBXFileReference; fileEncoding = 4; lastKnownFileType = sourcecode.c.h; path = PostReview.h; sourceTree = "<group>"; };
		6680E0861ACA811E0067257E /* PostReview.m */ = {isa = PBXFileReference; fileEncoding = 4; lastKnownFileType = sourcecode.c.objc; path = PostReview.m; sourceTree = "<group>"; };
		668AD9D81AA0597600627437 /* MyPost.h */ = {isa = PBXFileReference; fileEncoding = 4; lastKnownFileType = sourcecode.c.h; path = MyPost.h; sourceTree = "<group>"; };
		668AD9D91AA0597600627437 /* MyPost.m */ = {isa = PBXFileReference; fileEncoding = 4; lastKnownFileType = sourcecode.c.objc; path = MyPost.m; sourceTree = "<group>"; };
		668FC80C1AB110C300AB2BAD /* Response.h */ = {isa = PBXFileReference; fileEncoding = 4; lastKnownFileType = sourcecode.c.h; path = Response.h; sourceTree = "<group>"; };
		668FC80D1AB110C300AB2BAD /* Response.m */ = {isa = PBXFileReference; fileEncoding = 4; lastKnownFileType = sourcecode.c.objc; path = Response.m; sourceTree = "<group>"; };
		6692704B1ADE21E700C39F27 /* gear.gif */ = {isa = PBXFileReference; lastKnownFileType = image.gif; path = gear.gif; sourceTree = "<group>"; };
		66953ADF1A79BCE200AEB78C /* BorrowMe.app */ = {isa = PBXFileReference; explicitFileType = wrapper.application; includeInIndex = 0; path = BorrowMe.app; sourceTree = BUILT_PRODUCTS_DIR; };
		66953AE31A79BCE200AEB78C /* Info.plist */ = {isa = PBXFileReference; lastKnownFileType = text.plist.xml; path = Info.plist; sourceTree = "<group>"; };
		66953AE41A79BCE200AEB78C /* main.m */ = {isa = PBXFileReference; lastKnownFileType = sourcecode.c.objc; path = main.m; sourceTree = "<group>"; };
		66953AE61A79BCE200AEB78C /* AppDelegate.h */ = {isa = PBXFileReference; lastKnownFileType = sourcecode.c.h; path = AppDelegate.h; sourceTree = "<group>"; };
		66953AE71A79BCE200AEB78C /* AppDelegate.m */ = {isa = PBXFileReference; lastKnownFileType = sourcecode.c.objc; path = AppDelegate.m; sourceTree = "<group>"; };
		66953AEA1A79BCE200AEB78C /* BorrowMe.xcdatamodel */ = {isa = PBXFileReference; lastKnownFileType = wrapper.xcdatamodel; path = BorrowMe.xcdatamodel; sourceTree = "<group>"; };
		66953AF21A79BCE200AEB78C /* Images.xcassets */ = {isa = PBXFileReference; lastKnownFileType = folder.assetcatalog; path = Images.xcassets; sourceTree = "<group>"; };
		66953AF51A79BCE200AEB78C /* Base */ = {isa = PBXFileReference; lastKnownFileType = file.xib; name = Base; path = Base.lproj/LaunchScreen.xib; sourceTree = "<group>"; };
		66953AFB1A79BCE200AEB78C /* BorrowMeTests.xctest */ = {isa = PBXFileReference; explicitFileType = wrapper.cfbundle; includeInIndex = 0; path = BorrowMeTests.xctest; sourceTree = BUILT_PRODUCTS_DIR; };
		66953B001A79BCE200AEB78C /* Info.plist */ = {isa = PBXFileReference; lastKnownFileType = text.plist.xml; path = Info.plist; sourceTree = "<group>"; };
		66953B011A79BCE200AEB78C /* BorrowMeTests.m */ = {isa = PBXFileReference; lastKnownFileType = sourcecode.c.objc; path = BorrowMeTests.m; sourceTree = "<group>"; };
		66953B0C1A79BD6F00AEB78C /* Bolts.framework */ = {isa = PBXFileReference; lastKnownFileType = wrapper.framework; path = Bolts.framework; sourceTree = "<group>"; };
		66953B0D1A79BD6F00AEB78C /* Parse.framework */ = {isa = PBXFileReference; lastKnownFileType = wrapper.framework; path = Parse.framework; sourceTree = "<group>"; };
		66953B0E1A79BD6F00AEB78C /* ParseCrashReporting.framework */ = {isa = PBXFileReference; lastKnownFileType = wrapper.framework; path = ParseCrashReporting.framework; sourceTree = "<group>"; };
		66953B0F1A79BD6F00AEB78C /* ParseFacebookUtils.framework */ = {isa = PBXFileReference; lastKnownFileType = wrapper.framework; path = ParseFacebookUtils.framework; sourceTree = "<group>"; };
		66953B101A79BD6F00AEB78C /* ParseUI.framework */ = {isa = PBXFileReference; lastKnownFileType = wrapper.framework; path = ParseUI.framework; sourceTree = "<group>"; };
		66953B161A79BD9700AEB78C /* Accounts.framework */ = {isa = PBXFileReference; lastKnownFileType = wrapper.framework; name = Accounts.framework; path = System/Library/Frameworks/Accounts.framework; sourceTree = SDKROOT; };
		66953B181A79BDA100AEB78C /* AudioToolbox.framework */ = {isa = PBXFileReference; lastKnownFileType = wrapper.framework; name = AudioToolbox.framework; path = System/Library/Frameworks/AudioToolbox.framework; sourceTree = SDKROOT; };
		66953B1A1A79BDCC00AEB78C /* CFNetwork.framework */ = {isa = PBXFileReference; lastKnownFileType = wrapper.framework; name = CFNetwork.framework; path = System/Library/Frameworks/CFNetwork.framework; sourceTree = SDKROOT; };
		66953B1C1A79BDDB00AEB78C /* CoreGraphics.framework */ = {isa = PBXFileReference; lastKnownFileType = wrapper.framework; name = CoreGraphics.framework; path = System/Library/Frameworks/CoreGraphics.framework; sourceTree = SDKROOT; };
		66953B1E1A79BDEA00AEB78C /* CoreLocation.framework */ = {isa = PBXFileReference; lastKnownFileType = wrapper.framework; name = CoreLocation.framework; path = System/Library/Frameworks/CoreLocation.framework; sourceTree = SDKROOT; };
		66953B201A79BDF900AEB78C /* MobileCoreServices.framework */ = {isa = PBXFileReference; lastKnownFileType = wrapper.framework; name = MobileCoreServices.framework; path = System/Library/Frameworks/MobileCoreServices.framework; sourceTree = SDKROOT; };
		66953B221A79BE0A00AEB78C /* QuartzCore.framework */ = {isa = PBXFileReference; lastKnownFileType = wrapper.framework; name = QuartzCore.framework; path = System/Library/Frameworks/QuartzCore.framework; sourceTree = SDKROOT; };
		66953B241A79BE1500AEB78C /* Security.framework */ = {isa = PBXFileReference; lastKnownFileType = wrapper.framework; name = Security.framework; path = System/Library/Frameworks/Security.framework; sourceTree = SDKROOT; };
		66953B261A79BE1E00AEB78C /* Social.framework */ = {isa = PBXFileReference; lastKnownFileType = wrapper.framework; name = Social.framework; path = System/Library/Frameworks/Social.framework; sourceTree = SDKROOT; };
		66953B281A79BE2B00AEB78C /* StoreKit.framework */ = {isa = PBXFileReference; lastKnownFileType = wrapper.framework; name = StoreKit.framework; path = System/Library/Frameworks/StoreKit.framework; sourceTree = SDKROOT; };
		66953B2A1A79BE3500AEB78C /* SystemConfiguration.framework */ = {isa = PBXFileReference; lastKnownFileType = wrapper.framework; name = SystemConfiguration.framework; path = System/Library/Frameworks/SystemConfiguration.framework; sourceTree = SDKROOT; };
		66953B2C1A79BE4700AEB78C /* libz.dylib */ = {isa = PBXFileReference; lastKnownFileType = "compiled.mach-o.dylib"; name = libz.dylib; path = usr/lib/libz.dylib; sourceTree = SDKROOT; };
		66953B2E1A79BE7400AEB78C /* libsqlite3.dylib */ = {isa = PBXFileReference; lastKnownFileType = "compiled.mach-o.dylib"; name = libsqlite3.dylib; path = usr/lib/libsqlite3.dylib; sourceTree = SDKROOT; };
		669BFE441AF1D1EA00967CD8 /* compass.png */ = {isa = PBXFileReference; lastKnownFileType = image.png; path = compass.png; sourceTree = "<group>"; };
		669BFE461AF1D1F500967CD8 /* file-text.png */ = {isa = PBXFileReference; lastKnownFileType = image.png; path = "file-text.png"; sourceTree = "<group>"; };
		669BFE481AF1D20800967CD8 /* search.png */ = {isa = PBXFileReference; lastKnownFileType = image.png; path = search.png; sourceTree = "<group>"; };
		669BFE491AF1D20800967CD8 /* stack.png */ = {isa = PBXFileReference; lastKnownFileType = image.png; path = stack.png; sourceTree = "<group>"; };
		669BFE4A1AF1D20800967CD8 /* user.png */ = {isa = PBXFileReference; lastKnownFileType = image.png; path = user.png; sourceTree = "<group>"; };
		66A9AEE81ADF395800785DEE /* newsfeedIcon.png */ = {isa = PBXFileReference; lastKnownFileType = image.png; path = newsfeedIcon.png; sourceTree = "<group>"; };
		66AC793D1A9EA91300DDF2AE /* MyPostObject.h */ = {isa = PBXFileReference; fileEncoding = 4; lastKnownFileType = sourcecode.c.h; path = MyPostObject.h; sourceTree = "<group>"; };
		66AC793E1A9EA91300DDF2AE /* MyPostObject.m */ = {isa = PBXFileReference; fileEncoding = 4; lastKnownFileType = sourcecode.c.objc; path = MyPostObject.m; sourceTree = "<group>"; };
		66AE44421AF768A000B3A9FC /* paperPlaneIcon.png */ = {isa = PBXFileReference; lastKnownFileType = image.png; path = paperPlaneIcon.png; sourceTree = "<group>"; };
		66AE44441AF7694800B3A9FC /* feedIcon.png */ = {isa = PBXFileReference; lastKnownFileType = image.png; path = feedIcon.png; sourceTree = "<group>"; };
		66AE44461AF769E500B3A9FC /* feedIcon@2x.png */ = {isa = PBXFileReference; lastKnownFileType = image.png; path = "feedIcon@2x.png"; sourceTree = "<group>"; };
		66AE44481AF76C2300B3A9FC /* stackIcon.png */ = {isa = PBXFileReference; lastKnownFileType = image.png; path = stackIcon.png; sourceTree = "<group>"; };
		66AE444A1AF76C3A00B3A9FC /* userProfileIcon.png */ = {isa = PBXFileReference; lastKnownFileType = image.png; path = userProfileIcon.png; sourceTree = "<group>"; };
		66AE444C1AF824ED00B3A9FC /* compassIconNew.png */ = {isa = PBXFileReference; lastKnownFileType = image.png; path = compassIconNew.png; sourceTree = "<group>"; };
		66AE444E1AF824FA00B3A9FC /* compassIconNew@2x.png */ = {isa = PBXFileReference; lastKnownFileType = image.png; path = "compassIconNew@2x.png"; sourceTree = "<group>"; };
		66AE44501AF827F400B3A9FC /* searchIconNew.png */ = {isa = PBXFileReference; lastKnownFileType = image.png; path = searchIconNew.png; sourceTree = "<group>"; };
		66AE44521AF828E300B3A9FC /* newsFeedIconNew.png */ = {isa = PBXFileReference; lastKnownFileType = image.png; path = newsFeedIconNew.png; sourceTree = "<group>"; };
		66AE44541AF8294200B3A9FC /* newsFeedIconNew@2x.png */ = {isa = PBXFileReference; lastKnownFileType = image.png; path = "newsFeedIconNew@2x.png"; sourceTree = "<group>"; };
		66AE44561AF82B2400B3A9FC /* myPostsIconNew.png */ = {isa = PBXFileReference; lastKnownFileType = image.png; path = myPostsIconNew.png; sourceTree = "<group>"; };
		66AE44581AF82B4C00B3A9FC /* myPostsIconNew@2x.png */ = {isa = PBXFileReference; lastKnownFileType = image.png; path = "myPostsIconNew@2x.png"; sourceTree = "<group>"; };
		66AE445A1AF82B7F00B3A9FC /* userProfileIconNew.png */ = {isa = PBXFileReference; lastKnownFileType = image.png; path = userProfileIconNew.png; sourceTree = "<group>"; };
		66AE445C1AF82BE300B3A9FC /* userProfileIconNew@2x.png */ = {isa = PBXFileReference; lastKnownFileType = image.png; path = "userProfileIconNew@2x.png"; sourceTree = "<group>"; };
		66AE445E1AF8328B00B3A9FC /* navBarMenuIconNew.png */ = {isa = PBXFileReference; lastKnownFileType = image.png; path = navBarMenuIconNew.png; sourceTree = "<group>"; };
		66AE44601AF832AC00B3A9FC /* navBarMenuIconNew@2x.png */ = {isa = PBXFileReference; lastKnownFileType = image.png; path = "navBarMenuIconNew@2x.png"; sourceTree = "<group>"; };
		66AE44621AF83B5300B3A9FC /* searchPeopleIconNew.png */ = {isa = PBXFileReference; lastKnownFileType = image.png; path = searchPeopleIconNew.png; sourceTree = "<group>"; };
		66AE44641AF83B6A00B3A9FC /* searchPeopleIconNew@2x.png */ = {isa = PBXFileReference; lastKnownFileType = image.png; path = "searchPeopleIconNew@2x.png"; sourceTree = "<group>"; };
		66AE44661AF844E300B3A9FC /* navBarMenuIcon.png */ = {isa = PBXFileReference; lastKnownFileType = image.png; path = navBarMenuIcon.png; sourceTree = "<group>"; };
		66AE44681AF844EC00B3A9FC /* navBarMenuIcon@2x.png */ = {isa = PBXFileReference; lastKnownFileType = image.png; path = "navBarMenuIcon@2x.png"; sourceTree = "<group>"; };
		66AE446A1AF853CB00B3A9FC /* envelopIcon.png */ = {isa = PBXFileReference; lastKnownFileType = image.png; path = envelopIcon.png; sourceTree = "<group>"; };
		66AE446C1AF853D200B3A9FC /* envelopIcon@2x.png */ = {isa = PBXFileReference; lastKnownFileType = image.png; path = "envelopIcon@2x.png"; sourceTree = "<group>"; };
		66AE446F1AF8AF2500B3A9FC /* Search.h */ = {isa = PBXFileReference; fileEncoding = 4; lastKnownFileType = sourcecode.c.h; path = Search.h; sourceTree = "<group>"; };
		66AE44701AF8AF2500B3A9FC /* Search.m */ = {isa = PBXFileReference; fileEncoding = 4; lastKnownFileType = sourcecode.c.objc; path = Search.m; sourceTree = "<group>"; };
		66B07F731AAE8E86000F4B21 /* MyPostLenders.h */ = {isa = PBXFileReference; fileEncoding = 4; lastKnownFileType = sourcecode.c.h; path = MyPostLenders.h; sourceTree = "<group>"; };
		66B07F741AAE8E86000F4B21 /* MyPostLenders.m */ = {isa = PBXFileReference; fileEncoding = 4; lastKnownFileType = sourcecode.c.objc; path = MyPostLenders.m; sourceTree = "<group>"; };
		66B07F761AAE94F0000F4B21 /* MyPostItem.h */ = {isa = PBXFileReference; fileEncoding = 4; lastKnownFileType = sourcecode.c.h; path = MyPostItem.h; sourceTree = "<group>"; };
		66B07F771AAE94F0000F4B21 /* MyPostItem.m */ = {isa = PBXFileReference; fileEncoding = 4; lastKnownFileType = sourcecode.c.objc; path = MyPostItem.m; sourceTree = "<group>"; };
		66B07F791AAE96D3000F4B21 /* MyPostLender.h */ = {isa = PBXFileReference; fileEncoding = 4; lastKnownFileType = sourcecode.c.h; path = MyPostLender.h; sourceTree = "<group>"; };
		66B07F7A1AAE96D3000F4B21 /* MyPostLender.m */ = {isa = PBXFileReference; fileEncoding = 4; lastKnownFileType = sourcecode.c.objc; path = MyPostLender.m; sourceTree = "<group>"; };
		66B3D7721B1193EC00C3881D /* SWRevealViewController.h */ = {isa = PBXFileReference; fileEncoding = 4; lastKnownFileType = sourcecode.c.h; path = SWRevealViewController.h; sourceTree = "<group>"; };
		66B3D7731B1193EC00C3881D /* SWRevealViewController.m */ = {isa = PBXFileReference; fileEncoding = 4; lastKnownFileType = sourcecode.c.objc; path = SWRevealViewController.m; sourceTree = "<group>"; };
		66B3D7761B12876500C3881D /* SlideMenu.h */ = {isa = PBXFileReference; fileEncoding = 4; lastKnownFileType = sourcecode.c.h; path = SlideMenu.h; sourceTree = "<group>"; };
		66B3D7771B12876500C3881D /* SlideMenu.m */ = {isa = PBXFileReference; fileEncoding = 4; lastKnownFileType = sourcecode.c.objc; path = SlideMenu.m; sourceTree = "<group>"; };
		66B3D7791B12884D00C3881D /* MenuItemObject.h */ = {isa = PBXFileReference; fileEncoding = 4; lastKnownFileType = sourcecode.c.h; path = MenuItemObject.h; sourceTree = "<group>"; };
		66B3D77A1B12884D00C3881D /* MenuItemObject.m */ = {isa = PBXFileReference; fileEncoding = 4; lastKnownFileType = sourcecode.c.objc; path = MenuItemObject.m; sourceTree = "<group>"; };
		66B3D77C1B12892D00C3881D /* MenuItemCell.h */ = {isa = PBXFileReference; fileEncoding = 4; lastKnownFileType = sourcecode.c.h; path = MenuItemCell.h; sourceTree = "<group>"; };
		66B3D77D1B12892D00C3881D /* MenuItemCell.m */ = {isa = PBXFileReference; fileEncoding = 4; lastKnownFileType = sourcecode.c.objc; path = MenuItemCell.m; sourceTree = "<group>"; };
		66B3D77F1B1289F100C3881D /* MenuItemUserProfileCell.h */ = {isa = PBXFileReference; fileEncoding = 4; lastKnownFileType = sourcecode.c.h; path = MenuItemUserProfileCell.h; sourceTree = "<group>"; };
		66B3D7801B1289F100C3881D /* MenuItemUserProfileCell.m */ = {isa = PBXFileReference; fileEncoding = 4; lastKnownFileType = sourcecode.c.objc; path = MenuItemUserProfileCell.m; sourceTree = "<group>"; };
		66C29EFE1AE3199D008FEFFF /* grayCameraIcon.png */ = {isa = PBXFileReference; lastKnownFileType = image.png; path = grayCameraIcon.png; sourceTree = "<group>"; };
		66C9EC0B1AF9457E00547C2F /* myPostsFilesIcon.png */ = {isa = PBXFileReference; lastKnownFileType = image.png; path = myPostsFilesIcon.png; sourceTree = "<group>"; };
		66C9EC0D1AF9459000547C2F /* myPostsFilesIcon@2x.png */ = {isa = PBXFileReference; lastKnownFileType = image.png; path = "myPostsFilesIcon@2x.png"; sourceTree = "<group>"; };
		66DBB8C01ADCC8D0005919FF /* 495.GIF */ = {isa = PBXFileReference; lastKnownFileType = image.gif; path = 495.GIF; sourceTree = "<group>"; };
		66EB230E1ADB40C5004CDE69 /* 24.gif */ = {isa = PBXFileReference; lastKnownFileType = image.gif; path = 24.gif; sourceTree = "<group>"; };
		66EB23101ADB42EF004CDE69 /* LoadingCell.h */ = {isa = PBXFileReference; fileEncoding = 4; lastKnownFileType = sourcecode.c.h; path = LoadingCell.h; sourceTree = "<group>"; };
		66EB23111ADB42EF004CDE69 /* LoadingCell.m */ = {isa = PBXFileReference; fileEncoding = 4; lastKnownFileType = sourcecode.c.objc; path = LoadingCell.m; sourceTree = "<group>"; };
		66F24A971AE2173A00DEC153 /* PostDetail.h */ = {isa = PBXFileReference; fileEncoding = 4; lastKnownFileType = sourcecode.c.h; path = PostDetail.h; sourceTree = "<group>"; };
		66F24A981AE2173A00DEC153 /* PostDetail.m */ = {isa = PBXFileReference; fileEncoding = 4; lastKnownFileType = sourcecode.c.objc; path = PostDetail.m; sourceTree = "<group>"; };
		66F24A9B1AE22C9100DEC153 /* Base */ = {isa = PBXFileReference; lastKnownFileType = file.storyboard; name = Base; path = Base.lproj/Main.storyboard; sourceTree = "<group>"; };
		66F24A9D1AE22F5E00DEC153 /* AboutPost.h */ = {isa = PBXFileReference; fileEncoding = 4; lastKnownFileType = sourcecode.c.h; path = AboutPost.h; sourceTree = "<group>"; };
		66F24A9E1AE22F5E00DEC153 /* AboutPost.m */ = {isa = PBXFileReference; fileEncoding = 4; lastKnownFileType = sourcecode.c.objc; path = AboutPost.m; sourceTree = "<group>"; };
		66F24AA01AE2F4CF00DEC153 /* MapKit.framework */ = {isa = PBXFileReference; lastKnownFileType = wrapper.framework; name = MapKit.framework; path = System/Library/Frameworks/MapKit.framework; sourceTree = SDKROOT; };
		66F24AA21AE2FB8D00DEC153 /* distanceIcon.png */ = {isa = PBXFileReference; lastKnownFileType = image.png; path = distanceIcon.png; sourceTree = "<group>"; };
		66F42B5D1A96D08E00F99A31 /* hourglass.png */ = {isa = PBXFileReference; lastKnownFileType = image.png; path = hourglass.png; sourceTree = "<group>"; };
		66F42B5F1A96D21D00F99A31 /* hourglass2.png */ = {isa = PBXFileReference; lastKnownFileType = image.png; path = hourglass2.png; sourceTree = "<group>"; };
		66F4C3341A7F1865001B97AA /* MainFeed.h */ = {isa = PBXFileReference; fileEncoding = 4; lastKnownFileType = sourcecode.c.h; path = MainFeed.h; sourceTree = "<group>"; };
		66F4C3351A7F1866001B97AA /* MainFeed.m */ = {isa = PBXFileReference; fileEncoding = 4; lastKnownFileType = sourcecode.c.objc; path = MainFeed.m; sourceTree = "<group>"; };
		66F4C3371A7F3389001B97AA /* Post.h */ = {isa = PBXFileReference; fileEncoding = 4; lastKnownFileType = sourcecode.c.h; path = Post.h; sourceTree = "<group>"; };
		66F4C3381A7F3389001B97AA /* Post.m */ = {isa = PBXFileReference; fileEncoding = 4; lastKnownFileType = sourcecode.c.objc; path = Post.m; sourceTree = "<group>"; };
		66F4C33B1A7F4749001B97AA /* NewPost.h */ = {isa = PBXFileReference; fileEncoding = 4; lastKnownFileType = sourcecode.c.h; path = NewPost.h; sourceTree = "<group>"; };
		66F4C33C1A7F4749001B97AA /* NewPost.m */ = {isa = PBXFileReference; fileEncoding = 4; lastKnownFileType = sourcecode.c.objc; path = NewPost.m; sourceTree = "<group>"; };
		66F7116F1ACE7DE90006C389 /* love-icon.png */ = {isa = PBXFileReference; lastKnownFileType = image.png; path = "love-icon.png"; sourceTree = "<group>"; };
		66FBE1331AC1310100F2A3E8 /* camera-icon.png */ = {isa = PBXFileReference; lastKnownFileType = image.png; path = "camera-icon.png"; sourceTree = "<group>"; };
		66FF3A8A1AF0AF7B00EB51E7 /* menuIcon4.png */ = {isa = PBXFileReference; lastKnownFileType = image.png; path = menuIcon4.png; sourceTree = "<group>"; };
		66FF3A8C1AF0B06400EB51E7 /* xIcon.png */ = {isa = PBXFileReference; lastKnownFileType = image.png; path = xIcon.png; sourceTree = "<group>"; };
		66FF3A8E1AF0B25400EB51E7 /* menu48.png */ = {isa = PBXFileReference; lastKnownFileType = image.png; path = menu48.png; sourceTree = "<group>"; };
		66FF3A901AF0B26400EB51E7 /* xIcon2.png */ = {isa = PBXFileReference; lastKnownFileType = image.png; path = xIcon2.png; sourceTree = "<group>"; };
		66FF3A921AF0B3DC00EB51E7 /* xIcon3.png */ = {isa = PBXFileReference; lastKnownFileType = image.png; path = xIcon3.png; sourceTree = "<group>"; };
		66FF3A941AF0B55900EB51E7 /* squares37.png */ = {isa = PBXFileReference; lastKnownFileType = image.png; path = squares37.png; sourceTree = "<group>"; };
		66FF3A961AF0B65700EB51E7 /* menu2222.png */ = {isa = PBXFileReference; lastKnownFileType = image.png; path = menu2222.png; sourceTree = "<group>"; };
		66FF3A9A1AF0B9D000EB51E7 /* pencilIcon.png */ = {isa = PBXFileReference; lastKnownFileType = image.png; path = pencilIcon.png; sourceTree = "<group>"; };
		66FF3A9C1AF0BB8900EB51E7 /* pencilIcon2.png */ = {isa = PBXFileReference; lastKnownFileType = image.png; path = pencilIcon2.png; sourceTree = "<group>"; };
		66FF3A9E1AF0BCDA00EB51E7 /* paperplane.png */ = {isa = PBXFileReference; lastKnownFileType = image.png; path = paperplane.png; sourceTree = "<group>"; };
/* End PBXFileReference section */

/* Begin PBXFrameworksBuildPhase section */
		66953ADC1A79BCE200AEB78C /* Frameworks */ = {
			isa = PBXFrameworksBuildPhase;
			buildActionMask = 2147483647;
			files = (
				66F24AA11AE2F4CF00DEC153 /* MapKit.framework in Frameworks */,
				66953B2F1A79BE7400AEB78C /* libsqlite3.dylib in Frameworks */,
				66953B2D1A79BE4700AEB78C /* libz.dylib in Frameworks */,
				66953B2B1A79BE3500AEB78C /* SystemConfiguration.framework in Frameworks */,
				66953B291A79BE2B00AEB78C /* StoreKit.framework in Frameworks */,
				66953B271A79BE1E00AEB78C /* Social.framework in Frameworks */,
				66953B251A79BE1500AEB78C /* Security.framework in Frameworks */,
				66953B231A79BE0A00AEB78C /* QuartzCore.framework in Frameworks */,
				66953B211A79BDF900AEB78C /* MobileCoreServices.framework in Frameworks */,
				66953B1F1A79BDEA00AEB78C /* CoreLocation.framework in Frameworks */,
				66953B1D1A79BDDB00AEB78C /* CoreGraphics.framework in Frameworks */,
				66953B1B1A79BDCC00AEB78C /* CFNetwork.framework in Frameworks */,
				66953B191A79BDA100AEB78C /* AudioToolbox.framework in Frameworks */,
				66953B171A79BD9700AEB78C /* Accounts.framework in Frameworks */,
				66953B121A79BD6F00AEB78C /* Parse.framework in Frameworks */,
				66953B131A79BD6F00AEB78C /* ParseCrashReporting.framework in Frameworks */,
				66953B151A79BD6F00AEB78C /* ParseUI.framework in Frameworks */,
				66953B141A79BD6F00AEB78C /* ParseFacebookUtils.framework in Frameworks */,
				66953B111A79BD6F00AEB78C /* Bolts.framework in Frameworks */,
			);
			runOnlyForDeploymentPostprocessing = 0;
		};
		66953AF81A79BCE200AEB78C /* Frameworks */ = {
			isa = PBXFrameworksBuildPhase;
			buildActionMask = 2147483647;
			files = (
			);
			runOnlyForDeploymentPostprocessing = 0;
		};
/* End PBXFrameworksBuildPhase section */

/* Begin PBXGroup section */
		661DB0901A9D315C00400B86 /* MyPosts */ = {
			isa = PBXGroup;
			children = (
				661DB0911A9D32AD00400B86 /* MyPosts.h */,
				661DB0921A9D32AD00400B86 /* MyPosts.m */,
				66AC793D1A9EA91300DDF2AE /* MyPostObject.h */,
				66AC793E1A9EA91300DDF2AE /* MyPostObject.m */,
				668AD9D81AA0597600627437 /* MyPost.h */,
				668AD9D91AA0597600627437 /* MyPost.m */,
				660314461AA3038600C0F763 /* MyPostNoLenders.h */,
				660314471AA3038600C0F763 /* MyPostNoLenders.m */,
				66B07F731AAE8E86000F4B21 /* MyPostLenders.h */,
				66B07F741AAE8E86000F4B21 /* MyPostLenders.m */,
				66B07F761AAE94F0000F4B21 /* MyPostItem.h */,
				66B07F771AAE94F0000F4B21 /* MyPostItem.m */,
				66B07F791AAE96D3000F4B21 /* MyPostLender.h */,
				66B07F7A1AAE96D3000F4B21 /* MyPostLender.m */,
				668FC80C1AB110C300AB2BAD /* Response.h */,
				668FC80D1AB110C300AB2BAD /* Response.m */,
			);
			name = MyPosts;
			sourceTree = "<group>";
		};
		661FA3F51A9B0E8200D79003 /* RespondToPost */ = {
			isa = PBXGroup;
			children = (
				661FA3F91A9B10E900D79003 /* RespondToPost.h */,
				661FA3FA1A9B10E900D79003 /* RespondToPost.m */,
			);
			name = RespondToPost;
			sourceTree = "<group>";
		};
		6663A8321AC4C8C5002C5EE2 /* UserProfile */ = {
			isa = PBXGroup;
			children = (
				66EB23101ADB42EF004CDE69 /* LoadingCell.h */,
				66EB23111ADB42EF004CDE69 /* LoadingCell.m */,
				6663A8331AC4C90A002C5EE2 /* UserProfile.h */,
				6663A8341AC4C90A002C5EE2 /* UserProfile.m */,
				6667C6E21AC92A32000467AC /* ReviewObject.h */,
				6667C6E31AC92A32000467AC /* ReviewObject.m */,
				6667C6E51AC92A5B000467AC /* ReviewCell.h */,
				6667C6E61AC92A5B000467AC /* ReviewCell.m */,
				6667C6E81AC92A6C000467AC /* UserCell.h */,
				6667C6E91AC92A6C000467AC /* UserCell.m */,
				6667C6EB1AC92F34000467AC /* UserObject.h */,
				6667C6EC1AC92F34000467AC /* UserObject.m */,
			);
			name = UserProfile;
			sourceTree = "<group>";
		};
		6678BF3A1A7DB4440060B73A /* LoginAndSignUp */ = {
			isa = PBXGroup;
			children = (
				6678BF3F1A7DB7720060B73A /* LoginAndSignUp.h */,
				6678BF401A7DB7720060B73A /* LoginAndSignUp.m */,
			);
			name = LoginAndSignUp;
			sourceTree = "<group>";
		};
		6680E0841ACA80DB0067257E /* PostReview */ = {
			isa = PBXGroup;
			children = (
				6680E0851ACA811E0067257E /* PostReview.h */,
				6680E0861ACA811E0067257E /* PostReview.m */,
			);
			name = PostReview;
			sourceTree = "<group>";
		};
		66953AD61A79BCE200AEB78C = {
			isa = PBXGroup;
			children = (
				66F24AA01AE2F4CF00DEC153 /* MapKit.framework */,
				66953B2E1A79BE7400AEB78C /* libsqlite3.dylib */,
				66953B2C1A79BE4700AEB78C /* libz.dylib */,
				66953B2A1A79BE3500AEB78C /* SystemConfiguration.framework */,
				66953B281A79BE2B00AEB78C /* StoreKit.framework */,
				66953B261A79BE1E00AEB78C /* Social.framework */,
				66953B241A79BE1500AEB78C /* Security.framework */,
				66953B221A79BE0A00AEB78C /* QuartzCore.framework */,
				66953B201A79BDF900AEB78C /* MobileCoreServices.framework */,
				66953B1E1A79BDEA00AEB78C /* CoreLocation.framework */,
				66953B1C1A79BDDB00AEB78C /* CoreGraphics.framework */,
				66953B1A1A79BDCC00AEB78C /* CFNetwork.framework */,
				66953B181A79BDA100AEB78C /* AudioToolbox.framework */,
				66953B161A79BD9700AEB78C /* Accounts.framework */,
				66953B0B1A79BD6F00AEB78C /* parse-library-1.6.2 */,
				66953AE11A79BCE200AEB78C /* BorrowMe */,
				66953AFE1A79BCE200AEB78C /* BorrowMeTests */,
				66953AE01A79BCE200AEB78C /* Products */,
			);
			sourceTree = "<group>";
		};
		66953AE01A79BCE200AEB78C /* Products */ = {
			isa = PBXGroup;
			children = (
				66953ADF1A79BCE200AEB78C /* BorrowMe.app */,
				66953AFB1A79BCE200AEB78C /* BorrowMeTests.xctest */,
			);
			name = Products;
			sourceTree = "<group>";
		};
		66953AE11A79BCE200AEB78C /* BorrowMe */ = {
			isa = PBXGroup;
			children = (
				66B3D7751B12873700C3881D /* SlideMenu */,
				66B3D7711B11934A00C3881D /* SWRevealViewController */,
				66AE446E1AF8AEF200B3A9FC /* Search */,
				66F24A961AE216CF00DEC153 /* PostDetail */,
				6680E0841ACA80DB0067257E /* PostReview */,
				6663A8321AC4C8C5002C5EE2 /* UserProfile */,
				661DB0901A9D315C00400B86 /* MyPosts */,
				661FA3F51A9B0E8200D79003 /* RespondToPost */,
				66F42B5C1A96D05600F99A31 /* Resources */,
				66F4C33A1A7F46FD001B97AA /* NewPost */,
				66F4C3331A7F1822001B97AA /* MainFeed */,
				6678BF3A1A7DB4440060B73A /* LoginAndSignUp */,
				66953AE61A79BCE200AEB78C /* AppDelegate.h */,
				66953AE71A79BCE200AEB78C /* AppDelegate.m */,
				66953AF21A79BCE200AEB78C /* Images.xcassets */,
				66F24A9A1AE22C9100DEC153 /* Main.storyboard */,
				66953AF41A79BCE200AEB78C /* LaunchScreen.xib */,
				66953AE91A79BCE200AEB78C /* BorrowMe.xcdatamodeld */,
				66953AE21A79BCE200AEB78C /* Supporting Files */,
			);
			path = BorrowMe;
			sourceTree = "<group>";
		};
		66953AE21A79BCE200AEB78C /* Supporting Files */ = {
			isa = PBXGroup;
			children = (
				66953AE31A79BCE200AEB78C /* Info.plist */,
				66953AE41A79BCE200AEB78C /* main.m */,
			);
			name = "Supporting Files";
			sourceTree = "<group>";
		};
		66953AFE1A79BCE200AEB78C /* BorrowMeTests */ = {
			isa = PBXGroup;
			children = (
				66953B011A79BCE200AEB78C /* BorrowMeTests.m */,
				66953AFF1A79BCE200AEB78C /* Supporting Files */,
			);
			path = BorrowMeTests;
			sourceTree = "<group>";
		};
		66953AFF1A79BCE200AEB78C /* Supporting Files */ = {
			isa = PBXGroup;
			children = (
				66953B001A79BCE200AEB78C /* Info.plist */,
			);
			name = "Supporting Files";
			sourceTree = "<group>";
		};
		66953B0B1A79BD6F00AEB78C /* parse-library-1.6.2 */ = {
			isa = PBXGroup;
			children = (
				66953B0C1A79BD6F00AEB78C /* Bolts.framework */,
				66953B0D1A79BD6F00AEB78C /* Parse.framework */,
				66953B0E1A79BD6F00AEB78C /* ParseCrashReporting.framework */,
				66953B0F1A79BD6F00AEB78C /* ParseFacebookUtils.framework */,
				66953B101A79BD6F00AEB78C /* ParseUI.framework */,
			);
			path = "parse-library-1.6.2";
			sourceTree = "<group>";
		};
		66AE446E1AF8AEF200B3A9FC /* Search */ = {
			isa = PBXGroup;
			children = (
				66AE446F1AF8AF2500B3A9FC /* Search.h */,
				66AE44701AF8AF2500B3A9FC /* Search.m */,
				66232E7D1AF99DFE001532BD /* UserSearchResult.h */,
				66232E7E1AF99DFE001532BD /* UserSearchResult.m */,
				66232E801AF9A03F001532BD /* UserSearchResultObject.h */,
				66232E811AF9A03F001532BD /* UserSearchResultObject.m */,
			);
			name = Search;
			sourceTree = "<group>";
		};
		66B3D7711B11934A00C3881D /* SWRevealViewController */ = {
			isa = PBXGroup;
			children = (
				66B3D7721B1193EC00C3881D /* SWRevealViewController.h */,
				66B3D7731B1193EC00C3881D /* SWRevealViewController.m */,
			);
			name = SWRevealViewController;
			sourceTree = "<group>";
		};
		66B3D7751B12873700C3881D /* SlideMenu */ = {
			isa = PBXGroup;
			children = (
				66B3D7761B12876500C3881D /* SlideMenu.h */,
				66B3D7771B12876500C3881D /* SlideMenu.m */,
				66B3D7791B12884D00C3881D /* MenuItemObject.h */,
				66B3D77A1B12884D00C3881D /* MenuItemObject.m */,
				66B3D77C1B12892D00C3881D /* MenuItemCell.h */,
				66B3D77D1B12892D00C3881D /* MenuItemCell.m */,
				66B3D77F1B1289F100C3881D /* MenuItemUserProfileCell.h */,
				66B3D7801B1289F100C3881D /* MenuItemUserProfileCell.m */,
			);
			name = SlideMenu;
			sourceTree = "<group>";
		};
		66F24A961AE216CF00DEC153 /* PostDetail */ = {
			isa = PBXGroup;
			children = (
				66F24A971AE2173A00DEC153 /* PostDetail.h */,
				66F24A981AE2173A00DEC153 /* PostDetail.m */,
				66F24A9D1AE22F5E00DEC153 /* AboutPost.h */,
				66F24A9E1AE22F5E00DEC153 /* AboutPost.m */,
			);
			name = PostDetail;
			sourceTree = "<group>";
		};
		66F42B5C1A96D05600F99A31 /* Resources */ = {
			isa = PBXGroup;
			children = (
				6678F2871B12A0850080F8D5 /* settingsIcon.png */,
				6678F2851B129F5D0080F8D5 /* logoutIcon.png */,
				66C9EC0D1AF9459000547C2F /* myPostsFilesIcon@2x.png */,
				66C9EC0B1AF9457E00547C2F /* myPostsFilesIcon.png */,
				66AE446C1AF853D200B3A9FC /* envelopIcon@2x.png */,
				66AE446A1AF853CB00B3A9FC /* envelopIcon.png */,
				66AE44681AF844EC00B3A9FC /* navBarMenuIcon@2x.png */,
				66AE44661AF844E300B3A9FC /* navBarMenuIcon.png */,
				66AE44641AF83B6A00B3A9FC /* searchPeopleIconNew@2x.png */,
				66AE44621AF83B5300B3A9FC /* searchPeopleIconNew.png */,
				66AE44601AF832AC00B3A9FC /* navBarMenuIconNew@2x.png */,
				66AE445E1AF8328B00B3A9FC /* navBarMenuIconNew.png */,
				66AE445C1AF82BE300B3A9FC /* userProfileIconNew@2x.png */,
				66AE445A1AF82B7F00B3A9FC /* userProfileIconNew.png */,
				66AE44581AF82B4C00B3A9FC /* myPostsIconNew@2x.png */,
				66AE44561AF82B2400B3A9FC /* myPostsIconNew.png */,
				66AE44541AF8294200B3A9FC /* newsFeedIconNew@2x.png */,
				66AE44521AF828E300B3A9FC /* newsFeedIconNew.png */,
				66AE44501AF827F400B3A9FC /* searchIconNew.png */,
				66AE444E1AF824FA00B3A9FC /* compassIconNew@2x.png */,
				66AE444C1AF824ED00B3A9FC /* compassIconNew.png */,
				66AE444A1AF76C3A00B3A9FC /* userProfileIcon.png */,
				66AE44481AF76C2300B3A9FC /* stackIcon.png */,
				66AE44461AF769E500B3A9FC /* feedIcon@2x.png */,
				66AE44441AF7694800B3A9FC /* feedIcon.png */,
				66AE44421AF768A000B3A9FC /* paperPlaneIcon.png */,
				66695A1E1AF459620081AA1C /* clock2.png */,
				669BFE481AF1D20800967CD8 /* search.png */,
				669BFE491AF1D20800967CD8 /* stack.png */,
				669BFE4A1AF1D20800967CD8 /* user.png */,
				669BFE461AF1D1F500967CD8 /* file-text.png */,
				669BFE441AF1D1EA00967CD8 /* compass.png */,
				664131E01AF1B440006A02CD /* note.png */,
				664131DE1AF1AB1C006A02CD /* x.png */,
				66FF3A9E1AF0BCDA00EB51E7 /* paperplane.png */,
				66FF3A9C1AF0BB8900EB51E7 /* pencilIcon2.png */,
				66FF3A9A1AF0B9D000EB51E7 /* pencilIcon.png */,
				66FF3A961AF0B65700EB51E7 /* menu2222.png */,
				66FF3A941AF0B55900EB51E7 /* squares37.png */,
				66FF3A921AF0B3DC00EB51E7 /* xIcon3.png */,
				66FF3A901AF0B26400EB51E7 /* xIcon2.png */,
				66FF3A8E1AF0B25400EB51E7 /* menu48.png */,
				66FF3A8C1AF0B06400EB51E7 /* xIcon.png */,
				66FF3A8A1AF0AF7B00EB51E7 /* menuIcon4.png */,
				667601531AEB6CEB00963621 /* heartIconPurple.png */,
				667601511AEB2DED00963621 /* hourglassIcon.png */,
				6662DEBA1AE4EBF800917B65 /* xButtonIconNew.png */,
				6662DEB81AE4EABA00917B65 /* messageIconNew.png */,
				6662DEB61AE4E8E600917B65 /* xIxon.svg */,
				6662DEB41AE4E7C800917B65 /* messageIcon.png */,
				6662DEB21AE4D0C800917B65 /* menuIcon3.png */,
				6662DEB01AE4D00400917B65 /* menuIcon2.png */,
				6662DEAE1AE4CF9D00917B65 /* menuIcon.png */,
				6662DEAC1AE4880D00917B65 /* heartIcon.png */,
				6662DEAA1AE4743F00917B65 /* xButtonIcon.png */,
				6662DEA81AE469A200917B65 /* cameraIcon2.png */,
				6662DEA61AE4648E00917B65 /* cameraIcon.png */,
				6662DEA41AE31F4500917B65 /* cancelIcon.png */,
				66C29EFE1AE3199D008FEFFF /* grayCameraIcon.png */,
				66F24AA21AE2FB8D00DEC153 /* distanceIcon.png */,
				6624FD321AE081A7004EA647 /* clockIcon.png */,
				6624FD2E1AE07C67004EA647 /* 1429244562_699044-icon-55-document-text-128.png */,
				6624FD2C1AE07BDE004EA647 /* noteIcon.png */,
				66A9AEE81ADF395800785DEE /* newsfeedIcon.png */,
				6692704B1ADE21E700C39F27 /* gear.gif */,
				666720261ADDD316004D59A6 /* backbutton.png */,
				66DBB8C01ADCC8D0005919FF /* 495.GIF */,
				66EB230E1ADB40C5004CDE69 /* 24.gif */,
				66F7116F1ACE7DE90006C389 /* love-icon.png */,
				6667C6DD1AC7BAF5000467AC /* camera icon2.png */,
				66FBE1331AC1310100F2A3E8 /* camera-icon.png */,
				66F42B5F1A96D21D00F99A31 /* hourglass2.png */,
				66F42B5D1A96D08E00F99A31 /* hourglass.png */,
			);
			name = Resources;
			sourceTree = "<group>";
		};
		66F4C3331A7F1822001B97AA /* MainFeed */ = {
			isa = PBXGroup;
			children = (
				66F4C3341A7F1865001B97AA /* MainFeed.h */,
				66F4C3351A7F1866001B97AA /* MainFeed.m */,
				66F4C3371A7F3389001B97AA /* Post.h */,
				66F4C3381A7F3389001B97AA /* Post.m */,
				664CAE751A88B0E600E3E929 /* PostObject.h */,
				664CAE761A88B0E600E3E929 /* PostObject.m */,
			);
			name = MainFeed;
			sourceTree = "<group>";
		};
		66F4C33A1A7F46FD001B97AA /* NewPost */ = {
			isa = PBXGroup;
			children = (
				66F4C33B1A7F4749001B97AA /* NewPost.h */,
				66F4C33C1A7F4749001B97AA /* NewPost.m */,
			);
			name = NewPost;
			sourceTree = "<group>";
		};
/* End PBXGroup section */

/* Begin PBXNativeTarget section */
		66953ADE1A79BCE200AEB78C /* BorrowMe */ = {
			isa = PBXNativeTarget;
			buildConfigurationList = 66953B051A79BCE200AEB78C /* Build configuration list for PBXNativeTarget "BorrowMe" */;
			buildPhases = (
				66953ADB1A79BCE200AEB78C /* Sources */,
				66953ADC1A79BCE200AEB78C /* Frameworks */,
				66953ADD1A79BCE200AEB78C /* Resources */,
			);
			buildRules = (
			);
			dependencies = (
			);
			name = BorrowMe;
			productName = BorrowMe;
			productReference = 66953ADF1A79BCE200AEB78C /* BorrowMe.app */;
			productType = "com.apple.product-type.application";
		};
		66953AFA1A79BCE200AEB78C /* BorrowMeTests */ = {
			isa = PBXNativeTarget;
			buildConfigurationList = 66953B081A79BCE200AEB78C /* Build configuration list for PBXNativeTarget "BorrowMeTests" */;
			buildPhases = (
				66953AF71A79BCE200AEB78C /* Sources */,
				66953AF81A79BCE200AEB78C /* Frameworks */,
				66953AF91A79BCE200AEB78C /* Resources */,
			);
			buildRules = (
			);
			dependencies = (
				66953AFD1A79BCE200AEB78C /* PBXTargetDependency */,
			);
			name = BorrowMeTests;
			productName = BorrowMeTests;
			productReference = 66953AFB1A79BCE200AEB78C /* BorrowMeTests.xctest */;
			productType = "com.apple.product-type.bundle.unit-test";
		};
/* End PBXNativeTarget section */

/* Begin PBXProject section */
		66953AD71A79BCE200AEB78C /* Project object */ = {
			isa = PBXProject;
			attributes = {
				LastUpgradeCheck = 0610;
				ORGANIZATIONNAME = "Tom Lee";
				TargetAttributes = {
					66953ADE1A79BCE200AEB78C = {
						CreatedOnToolsVersion = 6.1.1;
					};
					66953AFA1A79BCE200AEB78C = {
						CreatedOnToolsVersion = 6.1.1;
						TestTargetID = 66953ADE1A79BCE200AEB78C;
					};
				};
			};
			buildConfigurationList = 66953ADA1A79BCE200AEB78C /* Build configuration list for PBXProject "BorrowMe" */;
			compatibilityVersion = "Xcode 3.2";
			developmentRegion = English;
			hasScannedForEncodings = 0;
			knownRegions = (
				en,
				Base,
			);
			mainGroup = 66953AD61A79BCE200AEB78C;
			productRefGroup = 66953AE01A79BCE200AEB78C /* Products */;
			projectDirPath = "";
			projectRoot = "";
			targets = (
				66953ADE1A79BCE200AEB78C /* BorrowMe */,
				66953AFA1A79BCE200AEB78C /* BorrowMeTests */,
			);
		};
/* End PBXProject section */

/* Begin PBXResourcesBuildPhase section */
		66953ADD1A79BCE200AEB78C /* Resources */ = {
			isa = PBXResourcesBuildPhase;
			buildActionMask = 2147483647;
			files = (
				6662DEB91AE4EABA00917B65 /* messageIconNew.png in Resources */,
				6662DEB31AE4D0C800917B65 /* menuIcon3.png in Resources */,
				669BFE4B1AF1D20800967CD8 /* search.png in Resources */,
				66C9EC0E1AF9459000547C2F /* myPostsFilesIcon@2x.png in Resources */,
				66F42B5E1A96D08E00F99A31 /* hourglass.png in Resources */,
				6624FD2D1AE07BDF004EA647 /* noteIcon.png in Resources */,
				66C9EC0C1AF9457E00547C2F /* myPostsFilesIcon.png in Resources */,
				66C29EFF1AE3199D008FEFFF /* grayCameraIcon.png in Resources */,
				66AE44671AF844E300B3A9FC /* navBarMenuIcon.png in Resources */,
				66FF3A931AF0B3DC00EB51E7 /* xIcon3.png in Resources */,
				66FF3A8F1AF0B25400EB51E7 /* menu48.png in Resources */,
				6667C6DE1AC7BAF5000467AC /* camera icon2.png in Resources */,
				66F24AA31AE2FB8D00DEC153 /* distanceIcon.png in Resources */,
				6662DEAB1AE4744000917B65 /* xButtonIcon.png in Resources */,
				66AE44551AF8294200B3A9FC /* newsFeedIconNew@2x.png in Resources */,
				66FF3A951AF0B55900EB51E7 /* squares37.png in Resources */,
				6662DEBB1AE4EBF800917B65 /* xButtonIconNew.png in Resources */,
				6662DEB51AE4E7C800917B65 /* messageIcon.png in Resources */,
				66AE444F1AF824FA00B3A9FC /* compassIconNew@2x.png in Resources */,
				66F42B601A96D21D00F99A31 /* hourglass2.png in Resources */,
				6624FD331AE081A7004EA647 /* clockIcon.png in Resources */,
				6662DEAD1AE4880D00917B65 /* heartIcon.png in Resources */,
				66AE445F1AF8328B00B3A9FC /* navBarMenuIconNew.png in Resources */,
				66AE445B1AF82B7F00B3A9FC /* userProfileIconNew.png in Resources */,
				66AE44651AF83B6A00B3A9FC /* searchPeopleIconNew@2x.png in Resources */,
				66F711701ACE7DEA0006C389 /* love-icon.png in Resources */,
				66AE44691AF844EC00B3A9FC /* navBarMenuIcon@2x.png in Resources */,
				66FBE1341AC1310100F2A3E8 /* camera-icon.png in Resources */,
				66AE44531AF828E300B3A9FC /* newsFeedIconNew.png in Resources */,
				66953AF61A79BCE200AEB78C /* LaunchScreen.xib in Resources */,
				66AE44631AF83B5300B3A9FC /* searchPeopleIconNew.png in Resources */,
				66A9AEE91ADF395800785DEE /* newsfeedIcon.png in Resources */,
				6692704C1ADE21E700C39F27 /* gear.gif in Resources */,
				66AE444D1AF824ED00B3A9FC /* compassIconNew.png in Resources */,
				66FF3A9D1AF0BB8900EB51E7 /* pencilIcon2.png in Resources */,
				66AE44511AF827F400B3A9FC /* searchIconNew.png in Resources */,
				66AE444B1AF76C3A00B3A9FC /* userProfileIcon.png in Resources */,
				6678F2881B12A0850080F8D5 /* settingsIcon.png in Resources */,
				669BFE471AF1D1F500967CD8 /* file-text.png in Resources */,
				66FF3A9B1AF0B9D000EB51E7 /* pencilIcon.png in Resources */,
				667601521AEB2DEE00963621 /* hourglassIcon.png in Resources */,
				6662DEA91AE469A200917B65 /* cameraIcon2.png in Resources */,
				66FF3A971AF0B65700EB51E7 /* menu2222.png in Resources */,
				66AE44451AF7694800B3A9FC /* feedIcon.png in Resources */,
				66AE44471AF769E500B3A9FC /* feedIcon@2x.png in Resources */,
				66FF3A911AF0B26400EB51E7 /* xIcon2.png in Resources */,
				66AE446B1AF853CB00B3A9FC /* envelopIcon.png in Resources */,
				6662DEAF1AE4CF9E00917B65 /* menuIcon.png in Resources */,
				66DBB8C11ADCC8D0005919FF /* 495.GIF in Resources */,
				6662DEA51AE31F4500917B65 /* cancelIcon.png in Resources */,
				66F24A9C1AE22C9100DEC153 /* Main.storyboard in Resources */,
				66FF3A8D1AF0B06400EB51E7 /* xIcon.png in Resources */,
				669BFE4C1AF1D20800967CD8 /* stack.png in Resources */,
				6624FD2F1AE07C67004EA647 /* 1429244562_699044-icon-55-document-text-128.png in Resources */,
				6662DEB11AE4D00400917B65 /* menuIcon2.png in Resources */,
				669BFE451AF1D1EA00967CD8 /* compass.png in Resources */,
				666720271ADDD316004D59A6 /* backbutton.png in Resources */,
				669BFE4D1AF1D20800967CD8 /* user.png in Resources */,
				667601541AEB6CEB00963621 /* heartIconPurple.png in Resources */,
				6662DEA71AE4648F00917B65 /* cameraIcon.png in Resources */,
				66AE446D1AF853D200B3A9FC /* envelopIcon@2x.png in Resources */,
				664131E11AF1B440006A02CD /* note.png in Resources */,
				66AE44571AF82B2400B3A9FC /* myPostsIconNew.png in Resources */,
				66FF3A9F1AF0BCDB00EB51E7 /* paperplane.png in Resources */,
				6662DEB71AE4E8E700917B65 /* xIxon.svg in Resources */,
				66FF3A8B1AF0AF7B00EB51E7 /* menuIcon4.png in Resources */,
				66AE44611AF832AC00B3A9FC /* navBarMenuIconNew@2x.png in Resources */,
				66695A1F1AF459620081AA1C /* clock2.png in Resources */,
				6678F2861B129F5D0080F8D5 /* logoutIcon.png in Resources */,
				66AE445D1AF82BE300B3A9FC /* userProfileIconNew@2x.png in Resources */,
				66AE44591AF82B4C00B3A9FC /* myPostsIconNew@2x.png in Resources */,
				66AE44491AF76C2300B3A9FC /* stackIcon.png in Resources */,
				664131DF1AF1AB1C006A02CD /* x.png in Resources */,
				66EB230F1ADB40C5004CDE69 /* 24.gif in Resources */,
				66953AF31A79BCE200AEB78C /* Images.xcassets in Resources */,
				66AE44431AF768A000B3A9FC /* paperPlaneIcon.png in Resources */,
			);
			runOnlyForDeploymentPostprocessing = 0;
		};
		66953AF91A79BCE200AEB78C /* Resources */ = {
			isa = PBXResourcesBuildPhase;
			buildActionMask = 2147483647;
			files = (
			);
			runOnlyForDeploymentPostprocessing = 0;
		};
/* End PBXResourcesBuildPhase section */

/* Begin PBXSourcesBuildPhase section */
		66953ADB1A79BCE200AEB78C /* Sources */ = {
			isa = PBXSourcesBuildPhase;
			buildActionMask = 2147483647;
			files = (
				66F4C3361A7F1866001B97AA /* MainFeed.m in Sources */,
				66F24A9F1AE22F5E00DEC153 /* AboutPost.m in Sources */,
				66F4C3391A7F3389001B97AA /* Post.m in Sources */,
				6680E0871ACA811F0067257E /* PostReview.m in Sources */,
				6663A8351AC4C90A002C5EE2 /* UserProfile.m in Sources */,
				66B3D77E1B12892D00C3881D /* MenuItemCell.m in Sources */,
				668FC80E1AB110C300AB2BAD /* Response.m in Sources */,
				66F4C33D1A7F4749001B97AA /* NewPost.m in Sources */,
				66F24A991AE2173A00DEC153 /* PostDetail.m in Sources */,
				6667C6E71AC92A5B000467AC /* ReviewCell.m in Sources */,
				66B3D77B1B12884D00C3881D /* MenuItemObject.m in Sources */,
				661FA3FB1A9B10E900D79003 /* RespondToPost.m in Sources */,
				66B07F781AAE94F0000F4B21 /* MyPostItem.m in Sources */,
				66953AE81A79BCE200AEB78C /* AppDelegate.m in Sources */,
				661DB0931A9D32AD00400B86 /* MyPosts.m in Sources */,
				66232E7F1AF99DFE001532BD /* UserSearchResult.m in Sources */,
				66B3D7811B1289F100C3881D /* MenuItemUserProfileCell.m in Sources */,
				66AC793F1A9EA91300DDF2AE /* MyPostObject.m in Sources */,
				66AE44711AF8AF2500B3A9FC /* Search.m in Sources */,
				66B3D7781B12876500C3881D /* SlideMenu.m in Sources */,
				66B07F751AAE8E86000F4B21 /* MyPostLenders.m in Sources */,
				66B3D7741B1193EC00C3881D /* SWRevealViewController.m in Sources */,
				668AD9DA1AA0597600627437 /* MyPost.m in Sources */,
				664CAE771A88B0E600E3E929 /* PostObject.m in Sources */,
				660314481AA3038600C0F763 /* MyPostNoLenders.m in Sources */,
				66953AE51A79BCE200AEB78C /* main.m in Sources */,
				66953AEB1A79BCE200AEB78C /* BorrowMe.xcdatamodeld in Sources */,
				66232E821AF9A03F001532BD /* UserSearchResultObject.m in Sources */,
				6678BF411A7DB7720060B73A /* LoginAndSignUp.m in Sources */,
				66B07F7B1AAE96D3000F4B21 /* MyPostLender.m in Sources */,
				6667C6ED1AC92F34000467AC /* UserObject.m in Sources */,
				6667C6EA1AC92A6C000467AC /* UserCell.m in Sources */,
				66EB23121ADB42EF004CDE69 /* LoadingCell.m in Sources */,
				6667C6E41AC92A32000467AC /* ReviewObject.m in Sources */,
			);
			runOnlyForDeploymentPostprocessing = 0;
		};
		66953AF71A79BCE200AEB78C /* Sources */ = {
			isa = PBXSourcesBuildPhase;
			buildActionMask = 2147483647;
			files = (
				66953B021A79BCE200AEB78C /* BorrowMeTests.m in Sources */,
			);
			runOnlyForDeploymentPostprocessing = 0;
		};
/* End PBXSourcesBuildPhase section */

/* Begin PBXTargetDependency section */
		66953AFD1A79BCE200AEB78C /* PBXTargetDependency */ = {
			isa = PBXTargetDependency;
			target = 66953ADE1A79BCE200AEB78C /* BorrowMe */;
			targetProxy = 66953AFC1A79BCE200AEB78C /* PBXContainerItemProxy */;
		};
/* End PBXTargetDependency section */

/* Begin PBXVariantGroup section */
		66953AF41A79BCE200AEB78C /* LaunchScreen.xib */ = {
			isa = PBXVariantGroup;
			children = (
				66953AF51A79BCE200AEB78C /* Base */,
			);
			name = LaunchScreen.xib;
			sourceTree = "<group>";
		};
		66F24A9A1AE22C9100DEC153 /* Main.storyboard */ = {
			isa = PBXVariantGroup;
			children = (
				66F24A9B1AE22C9100DEC153 /* Base */,
			);
			name = Main.storyboard;
			sourceTree = "<group>";
		};
/* End PBXVariantGroup section */

/* Begin XCBuildConfiguration section */
		66953B031A79BCE200AEB78C /* Debug */ = {
			isa = XCBuildConfiguration;
			buildSettings = {
				ALWAYS_SEARCH_USER_PATHS = NO;
				CLANG_CXX_LANGUAGE_STANDARD = "gnu++0x";
				CLANG_CXX_LIBRARY = "libc++";
				CLANG_ENABLE_MODULES = YES;
				CLANG_ENABLE_OBJC_ARC = YES;
				CLANG_WARN_BOOL_CONVERSION = YES;
				CLANG_WARN_CONSTANT_CONVERSION = YES;
				CLANG_WARN_DIRECT_OBJC_ISA_USAGE = YES_ERROR;
				CLANG_WARN_EMPTY_BODY = YES;
				CLANG_WARN_ENUM_CONVERSION = YES;
				CLANG_WARN_INT_CONVERSION = YES;
				CLANG_WARN_OBJC_ROOT_CLASS = YES_ERROR;
				CLANG_WARN_UNREACHABLE_CODE = YES;
				CLANG_WARN__DUPLICATE_METHOD_MATCH = YES;
				"CODE_SIGN_IDENTITY[sdk=iphoneos*]" = "iPhone Developer";
				COPY_PHASE_STRIP = NO;
				ENABLE_STRICT_OBJC_MSGSEND = YES;
				GCC_C_LANGUAGE_STANDARD = gnu99;
				GCC_DYNAMIC_NO_PIC = NO;
				GCC_OPTIMIZATION_LEVEL = 0;
				GCC_PREPROCESSOR_DEFINITIONS = (
					"DEBUG=1",
					"$(inherited)",
				);
				GCC_SYMBOLS_PRIVATE_EXTERN = NO;
				GCC_WARN_64_TO_32_BIT_CONVERSION = YES;
				GCC_WARN_ABOUT_RETURN_TYPE = YES_ERROR;
				GCC_WARN_UNDECLARED_SELECTOR = YES;
				GCC_WARN_UNINITIALIZED_AUTOS = YES_AGGRESSIVE;
				GCC_WARN_UNUSED_FUNCTION = YES;
				GCC_WARN_UNUSED_VARIABLE = YES;
				IPHONEOS_DEPLOYMENT_TARGET = 8.1;
				MTL_ENABLE_DEBUG_INFO = YES;
				ONLY_ACTIVE_ARCH = YES;
				SDKROOT = iphoneos;
			};
			name = Debug;
		};
		66953B041A79BCE200AEB78C /* Release */ = {
			isa = XCBuildConfiguration;
			buildSettings = {
				ALWAYS_SEARCH_USER_PATHS = NO;
				CLANG_CXX_LANGUAGE_STANDARD = "gnu++0x";
				CLANG_CXX_LIBRARY = "libc++";
				CLANG_ENABLE_MODULES = YES;
				CLANG_ENABLE_OBJC_ARC = YES;
				CLANG_WARN_BOOL_CONVERSION = YES;
				CLANG_WARN_CONSTANT_CONVERSION = YES;
				CLANG_WARN_DIRECT_OBJC_ISA_USAGE = YES_ERROR;
				CLANG_WARN_EMPTY_BODY = YES;
				CLANG_WARN_ENUM_CONVERSION = YES;
				CLANG_WARN_INT_CONVERSION = YES;
				CLANG_WARN_OBJC_ROOT_CLASS = YES_ERROR;
				CLANG_WARN_UNREACHABLE_CODE = YES;
				CLANG_WARN__DUPLICATE_METHOD_MATCH = YES;
				"CODE_SIGN_IDENTITY[sdk=iphoneos*]" = "iPhone Developer";
				COPY_PHASE_STRIP = YES;
				ENABLE_NS_ASSERTIONS = NO;
				ENABLE_STRICT_OBJC_MSGSEND = YES;
				GCC_C_LANGUAGE_STANDARD = gnu99;
				GCC_WARN_64_TO_32_BIT_CONVERSION = YES;
				GCC_WARN_ABOUT_RETURN_TYPE = YES_ERROR;
				GCC_WARN_UNDECLARED_SELECTOR = YES;
				GCC_WARN_UNINITIALIZED_AUTOS = YES_AGGRESSIVE;
				GCC_WARN_UNUSED_FUNCTION = YES;
				GCC_WARN_UNUSED_VARIABLE = YES;
				IPHONEOS_DEPLOYMENT_TARGET = 8.1;
				MTL_ENABLE_DEBUG_INFO = NO;
				SDKROOT = iphoneos;
				VALIDATE_PRODUCT = YES;
			};
			name = Release;
		};
		66953B061A79BCE200AEB78C /* Debug */ = {
			isa = XCBuildConfiguration;
			buildSettings = {
				ASSETCATALOG_COMPILER_APPICON_NAME = AppIcon;
				FRAMEWORK_SEARCH_PATHS = (
					"$(inherited)",
					"$(PROJECT_DIR)/parse-library-1.6.2",
				);
				INFOPLIST_FILE = BorrowMe/Info.plist;
				LD_RUNPATH_SEARCH_PATHS = "$(inherited) @executable_path/Frameworks";
				PRODUCT_NAME = "$(TARGET_NAME)";
			};
			name = Debug;
		};
		66953B071A79BCE200AEB78C /* Release */ = {
			isa = XCBuildConfiguration;
			buildSettings = {
				ASSETCATALOG_COMPILER_APPICON_NAME = AppIcon;
				FRAMEWORK_SEARCH_PATHS = (
					"$(inherited)",
					"$(PROJECT_DIR)/parse-library-1.6.2",
				);
				INFOPLIST_FILE = BorrowMe/Info.plist;
				LD_RUNPATH_SEARCH_PATHS = "$(inherited) @executable_path/Frameworks";
				PRODUCT_NAME = "$(TARGET_NAME)";
			};
			name = Release;
		};
		66953B091A79BCE200AEB78C /* Debug */ = {
			isa = XCBuildConfiguration;
			buildSettings = {
				BUNDLE_LOADER = "$(TEST_HOST)";
				FRAMEWORK_SEARCH_PATHS = (
					"$(SDKROOT)/Developer/Library/Frameworks",
					"$(inherited)",
				);
				GCC_PREPROCESSOR_DEFINITIONS = (
					"DEBUG=1",
					"$(inherited)",
				);
				INFOPLIST_FILE = BorrowMeTests/Info.plist;
				LD_RUNPATH_SEARCH_PATHS = "$(inherited) @executable_path/Frameworks @loader_path/Frameworks";
				PRODUCT_NAME = "$(TARGET_NAME)";
				TEST_HOST = "$(BUILT_PRODUCTS_DIR)/BorrowMe.app/BorrowMe";
			};
			name = Debug;
		};
		66953B0A1A79BCE200AEB78C /* Release */ = {
			isa = XCBuildConfiguration;
			buildSettings = {
				BUNDLE_LOADER = "$(TEST_HOST)";
				FRAMEWORK_SEARCH_PATHS = (
					"$(SDKROOT)/Developer/Library/Frameworks",
					"$(inherited)",
				);
				INFOPLIST_FILE = BorrowMeTests/Info.plist;
				LD_RUNPATH_SEARCH_PATHS = "$(inherited) @executable_path/Frameworks @loader_path/Frameworks";
				PRODUCT_NAME = "$(TARGET_NAME)";
				TEST_HOST = "$(BUILT_PRODUCTS_DIR)/BorrowMe.app/BorrowMe";
			};
			name = Release;
		};
/* End XCBuildConfiguration section */

/* Begin XCConfigurationList section */
		66953ADA1A79BCE200AEB78C /* Build configuration list for PBXProject "BorrowMe" */ = {
			isa = XCConfigurationList;
			buildConfigurations = (
				66953B031A79BCE200AEB78C /* Debug */,
				66953B041A79BCE200AEB78C /* Release */,
			);
			defaultConfigurationIsVisible = 0;
			defaultConfigurationName = Release;
		};
		66953B051A79BCE200AEB78C /* Build configuration list for PBXNativeTarget "BorrowMe" */ = {
			isa = XCConfigurationList;
			buildConfigurations = (
				66953B061A79BCE200AEB78C /* Debug */,
				66953B071A79BCE200AEB78C /* Release */,
			);
			defaultConfigurationIsVisible = 0;
			defaultConfigurationName = Release;
		};
		66953B081A79BCE200AEB78C /* Build configuration list for PBXNativeTarget "BorrowMeTests" */ = {
			isa = XCConfigurationList;
			buildConfigurations = (
				66953B091A79BCE200AEB78C /* Debug */,
				66953B0A1A79BCE200AEB78C /* Release */,
			);
			defaultConfigurationIsVisible = 0;
			defaultConfigurationName = Release;
		};
/* End XCConfigurationList section */

/* Begin XCVersionGroup section */
		66953AE91A79BCE200AEB78C /* BorrowMe.xcdatamodeld */ = {
			isa = XCVersionGroup;
			children = (
				66953AEA1A79BCE200AEB78C /* BorrowMe.xcdatamodel */,
			);
			currentVersion = 66953AEA1A79BCE200AEB78C /* BorrowMe.xcdatamodel */;
			path = BorrowMe.xcdatamodeld;
			sourceTree = "<group>";
			versionGroupType = wrapper.xcdatamodel;
		};
/* End XCVersionGroup section */
	};
	rootObject = 66953AD71A79BCE200AEB78C /* Project object */;
}
